Microsoft Visual Studio Solution File, Format Version 12.00
# Visual Studio 2013
Project("{8BC9CEB8-8B4A-11D0-8D11-00A0C91BC942}") = "ALL_BUILD", "ALL_BUILD.vcxproj", "{1CAC273B-F7D4-310C-9AE4-1C28B638F3B9}"
	ProjectSection(ProjectDependencies) = postProject
		{3E53FD7F-98E4-3DB6-AD67-F3782B45B6D5} = {3E53FD7F-98E4-3DB6-AD67-F3782B45B6D5}
		{7BF19190-AB7B-32E6-A149-71F286BB9A1B} = {7BF19190-AB7B-32E6-A149-71F286BB9A1B}
		{1777B8A7-ABAF-37D4-B1A8-E146BAA8952E} = {1777B8A7-ABAF-37D4-B1A8-E146BAA8952E}
		{43F733D4-2478-3263-B1D9-2C58FC0C336C} = {43F733D4-2478-3263-B1D9-2C58FC0C336C}
		{D5373CA2-09DB-3995-BBBD-8A1323AC1CB8} = {D5373CA2-09DB-3995-BBBD-8A1323AC1CB8}
		{72C40EE4-2DD9-31A0-A4B4-569775623921} = {72C40EE4-2DD9-31A0-A4B4-569775623921}
		{22F0E367-9A09-354D-81B9-3B9FE3432F29} = {22F0E367-9A09-354D-81B9-3B9FE3432F29}
		{42B5E002-D4CE-3094-9C3C-535F3290CD27} = {42B5E002-D4CE-3094-9C3C-535F3290CD27}
		{F8EE3779-4083-3B99-A982-D86999FC6BE7} = {F8EE3779-4083-3B99-A982-D86999FC6BE7}
		{12FD3340-3034-34A7-9C47-615FEAE499F0} = {12FD3340-3034-34A7-9C47-615FEAE499F0}
		{7AA6F6DC-0F30-34C8-BB6C-047494CFBE52} = {7AA6F6DC-0F30-34C8-BB6C-047494CFBE52}
		{44DAEC78-BF66-3949-92CE-1D05DC4180B1} = {44DAEC78-BF66-3949-92CE-1D05DC4180B1}
		{99DF0EB6-8467-3C4A-8E11-56892D9E472E} = {99DF0EB6-8467-3C4A-8E11-56892D9E472E}
		{A4D48584-D583-380E-BABB-704433EF9FA1} = {A4D48584-D583-380E-BABB-704433EF9FA1}
		{EC53AEA0-DF2E-3CE9-817A-3533A1B53281} = {EC53AEA0-DF2E-3CE9-817A-3533A1B53281}
		{97969AFE-5DD1-30F3-874D-1813BFAD10AF} = {97969AFE-5DD1-30F3-874D-1813BFAD10AF}
		{C1206E91-61A4-345A-9F8A-8AA22A551B03} = {C1206E91-61A4-345A-9F8A-8AA22A551B03}
		{231BC0CB-7DFC-38CD-9CAE-9395912CD947} = {231BC0CB-7DFC-38CD-9CAE-9395912CD947}
		{50FDEF31-F5B4-3679-AF6F-F8A8C398CB4F} = {50FDEF31-F5B4-3679-AF6F-F8A8C398CB4F}
		{A581FD50-F4E5-32E4-9A24-FEB0E1CC9AC1} = {A581FD50-F4E5-32E4-9A24-FEB0E1CC9AC1}
		{47A4FCB5-DC62-3778-A017-28DE45EE1AA1} = {47A4FCB5-DC62-3778-A017-28DE45EE1AA1}
		{3150E7DC-43F4-35EE-9F66-1CBCBD634401} = {3150E7DC-43F4-35EE-9F66-1CBCBD634401}
		{96DA02E3-54A1-3BCB-B9A8-4DF95E2055B4} = {96DA02E3-54A1-3BCB-B9A8-4DF95E2055B4}
		{B842C0CE-F3B8-39C2-BE18-B2E53CBC04D7} = {B842C0CE-F3B8-39C2-BE18-B2E53CBC04D7}
		{14D16AE7-F943-385A-8E02-595BAFDFBF90} = {14D16AE7-F943-385A-8E02-595BAFDFBF90}
		{B912A268-37BD-3761-AC0E-AA8D19B583D4} = {B912A268-37BD-3761-AC0E-AA8D19B583D4}
		{0DF7485F-2469-3DC2-9963-A5E67DCDA49B} = {0DF7485F-2469-3DC2-9963-A5E67DCDA49B}
		{BE408ADD-8664-3052-B427-96217DCF6ADF} = {BE408ADD-8664-3052-B427-96217DCF6ADF}
		{48DE870A-3AE0-3CDE-AD02-B158E77153CF} = {48DE870A-3AE0-3CDE-AD02-B158E77153CF}
		{E36C7E74-536A-3051-9361-D3758AB264D3} = {E36C7E74-536A-3051-9361-D3758AB264D3}
		{BFA96ED5-3CB2-34E2-BE59-DDB1DACD3E30} = {BFA96ED5-3CB2-34E2-BE59-DDB1DACD3E30}
		{A360DA43-1AB3-366A-872A-96A4E24A2EB4} = {A360DA43-1AB3-366A-872A-96A4E24A2EB4}
		{B4A0B38B-C6D7-3EC1-A72A-C82925726E08} = {B4A0B38B-C6D7-3EC1-A72A-C82925726E08}
		{F5A360D8-987E-395A-8C45-6AF5CC8514E5} = {F5A360D8-987E-395A-8C45-6AF5CC8514E5}
		{D2C01EA0-FF6B-3ECC-872D-7CE53B509500} = {D2C01EA0-FF6B-3ECC-872D-7CE53B509500}
		{B7645741-D792-358E-95E4-9888F2465CCD} = {B7645741-D792-358E-95E4-9888F2465CCD}
	EndProjectSection
EndProject
Project("{8BC9CEB8-8B4A-11D0-8D11-00A0C91BC942}") = "INSTALL", "INSTALL.vcxproj", "{4EE12F5C-398F-3A96-BA78-BA9EDA18317E}"
	ProjectSection(ProjectDependencies) = postProject
		{1CAC273B-F7D4-310C-9AE4-1C28B638F3B9} = {1CAC273B-F7D4-310C-9AE4-1C28B638F3B9}
		{3E53FD7F-98E4-3DB6-AD67-F3782B45B6D5} = {3E53FD7F-98E4-3DB6-AD67-F3782B45B6D5}
	EndProjectSection
EndProject
Project("{8BC9CEB8-8B4A-11D0-8D11-00A0C91BC942}") = "PACKAGE", "PACKAGE.vcxproj", "{EDAC91FE-2322-330D-8940-ACF932EF49A8}"
	ProjectSection(ProjectDependencies) = postProject
		{1CAC273B-F7D4-310C-9AE4-1C28B638F3B9} = {1CAC273B-F7D4-310C-9AE4-1C28B638F3B9}
		{3E53FD7F-98E4-3DB6-AD67-F3782B45B6D5} = {3E53FD7F-98E4-3DB6-AD67-F3782B45B6D5}
	EndProjectSection
EndProject
Project("{8BC9CEB8-8B4A-11D0-8D11-00A0C91BC942}") = "ZERO_CHECK", "ZERO_CHECK.vcxproj", "{3E53FD7F-98E4-3DB6-AD67-F3782B45B6D5}"
	ProjectSection(ProjectDependencies) = postProject
	EndProjectSection
EndProject
Project("{8BC9CEB8-8B4A-11D0-8D11-00A0C91BC942}") = "blake2", "deps\blake2\blake2.vcxproj", "{7BF19190-AB7B-32E6-A149-71F286BB9A1B}"
	ProjectSection(ProjectDependencies) = postProject
		{3E53FD7F-98E4-3DB6-AD67-F3782B45B6D5} = {3E53FD7F-98E4-3DB6-AD67-F3782B45B6D5}
	EndProjectSection
EndProject
Project("{8BC9CEB8-8B4A-11D0-8D11-00A0C91BC942}") = "coreaudio-encoder", "plugins\coreaudio-encoder\coreaudio-encoder.vcxproj", "{1777B8A7-ABAF-37D4-B1A8-E146BAA8952E}"
	ProjectSection(ProjectDependencies) = postProject
		{3E53FD7F-98E4-3DB6-AD67-F3782B45B6D5} = {3E53FD7F-98E4-3DB6-AD67-F3782B45B6D5}
		{A4D48584-D583-380E-BABB-704433EF9FA1} = {A4D48584-D583-380E-BABB-704433EF9FA1}
	EndProjectSection
EndProject
Project("{8BC9CEB8-8B4A-11D0-8D11-00A0C91BC942}") = "ffmpeg-mux", "plugins\obs-ffmpeg\ffmpeg-mux\ffmpeg-mux.vcxproj", "{43F733D4-2478-3263-B1D9-2C58FC0C336C}"
	ProjectSection(ProjectDependencies) = postProject
		{3E53FD7F-98E4-3DB6-AD67-F3782B45B6D5} = {3E53FD7F-98E4-3DB6-AD67-F3782B45B6D5}
	EndProjectSection
EndProject
Project("{8BC9CEB8-8B4A-11D0-8D11-00A0C91BC942}") = "file-updater", "deps\file-updater\file-updater.vcxproj", "{D5373CA2-09DB-3995-BBBD-8A1323AC1CB8}"
	ProjectSection(ProjectDependencies) = postProject
		{3E53FD7F-98E4-3DB6-AD67-F3782B45B6D5} = {3E53FD7F-98E4-3DB6-AD67-F3782B45B6D5}
		{A4D48584-D583-380E-BABB-704433EF9FA1} = {A4D48584-D583-380E-BABB-704433EF9FA1}
		{BFA96ED5-3CB2-34E2-BE59-DDB1DACD3E30} = {BFA96ED5-3CB2-34E2-BE59-DDB1DACD3E30}
	EndProjectSection
EndProject
Project("{8BC9CEB8-8B4A-11D0-8D11-00A0C91BC942}") = "frontend-tools", "UI\frontend-plugins\frontend-tools\frontend-tools.vcxproj", "{72C40EE4-2DD9-31A0-A4B4-569775623921}"
	ProjectSection(ProjectDependencies) = postProject
		{3E53FD7F-98E4-3DB6-AD67-F3782B45B6D5} = {3E53FD7F-98E4-3DB6-AD67-F3782B45B6D5}
		{A4D48584-D583-380E-BABB-704433EF9FA1} = {A4D48584-D583-380E-BABB-704433EF9FA1}
		{3150E7DC-43F4-35EE-9F66-1CBCBD634401} = {3150E7DC-43F4-35EE-9F66-1CBCBD634401}
	EndProjectSection
EndProject
Project("{8BC9CEB8-8B4A-11D0-8D11-00A0C91BC942}") = "get-graphics-offsets", "plugins\win-capture\get-graphics-offsets\get-graphics-offsets.vcxproj", "{22F0E367-9A09-354D-81B9-3B9FE3432F29}"
	ProjectSection(ProjectDependencies) = postProject
		{3E53FD7F-98E4-3DB6-AD67-F3782B45B6D5} = {3E53FD7F-98E4-3DB6-AD67-F3782B45B6D5}
	EndProjectSection
EndProject
Project("{8BC9CEB8-8B4A-11D0-8D11-00A0C91BC942}") = "glad", "deps\glad\glad.vcxproj", "{42B5E002-D4CE-3094-9C3C-535F3290CD27}"
	ProjectSection(ProjectDependencies) = postProject
		{3E53FD7F-98E4-3DB6-AD67-F3782B45B6D5} = {3E53FD7F-98E4-3DB6-AD67-F3782B45B6D5}
	EndProjectSection
EndProject
Project("{8BC9CEB8-8B4A-11D0-8D11-00A0C91BC942}") = "graphics-hook", "plugins\win-capture\graphics-hook\graphics-hook.vcxproj", "{F8EE3779-4083-3B99-A982-D86999FC6BE7}"
	ProjectSection(ProjectDependencies) = postProject
		{3E53FD7F-98E4-3DB6-AD67-F3782B45B6D5} = {3E53FD7F-98E4-3DB6-AD67-F3782B45B6D5}
		{44DAEC78-BF66-3949-92CE-1D05DC4180B1} = {44DAEC78-BF66-3949-92CE-1D05DC4180B1}
	EndProjectSection
EndProject
Project("{8BC9CEB8-8B4A-11D0-8D11-00A0C91BC942}") = "image-source", "plugins\image-source\image-source.vcxproj", "{12FD3340-3034-34A7-9C47-615FEAE499F0}"
	ProjectSection(ProjectDependencies) = postProject
		{3E53FD7F-98E4-3DB6-AD67-F3782B45B6D5} = {3E53FD7F-98E4-3DB6-AD67-F3782B45B6D5}
		{A4D48584-D583-380E-BABB-704433EF9FA1} = {A4D48584-D583-380E-BABB-704433EF9FA1}
		{BFA96ED5-3CB2-34E2-BE59-DDB1DACD3E30} = {BFA96ED5-3CB2-34E2-BE59-DDB1DACD3E30}
	EndProjectSection
EndProject
Project("{8BC9CEB8-8B4A-11D0-8D11-00A0C91BC942}") = "inject-helper", "plugins\win-capture\inject-helper\inject-helper.vcxproj", "{7AA6F6DC-0F30-34C8-BB6C-047494CFBE52}"
	ProjectSection(ProjectDependencies) = postProject
		{3E53FD7F-98E4-3DB6-AD67-F3782B45B6D5} = {3E53FD7F-98E4-3DB6-AD67-F3782B45B6D5}
	EndProjectSection
EndProject
Project("{8BC9CEB8-8B4A-11D0-8D11-00A0C91BC942}") = "ipc-util", "deps\ipc-util\ipc-util.vcxproj", "{44DAEC78-BF66-3949-92CE-1D05DC4180B1}"
	ProjectSection(ProjectDependencies) = postProject
		{3E53FD7F-98E4-3DB6-AD67-F3782B45B6D5} = {3E53FD7F-98E4-3DB6-AD67-F3782B45B6D5}
	EndProjectSection
EndProject
Project("{8BC9CEB8-8B4A-11D0-8D11-00A0C91BC942}") = "jansson", "deps\jansson\jansson.vcxproj", "{99DF0EB6-8467-3C4A-8E11-56892D9E472E}"
	ProjectSection(ProjectDependencies) = postProject
		{3E53FD7F-98E4-3DB6-AD67-F3782B45B6D5} = {3E53FD7F-98E4-3DB6-AD67-F3782B45B6D5}
	EndProjectSection
EndProject
Project("{8BC9CEB8-8B4A-11D0-8D11-00A0C91BC942}") = "libobs", "libobs\libobs.vcxproj", "{A4D48584-D583-380E-BABB-704433EF9FA1}"
	ProjectSection(ProjectDependencies) = postProject
		{3E53FD7F-98E4-3DB6-AD67-F3782B45B6D5} = {3E53FD7F-98E4-3DB6-AD67-F3782B45B6D5}
		{99DF0EB6-8467-3C4A-8E11-56892D9E472E} = {99DF0EB6-8467-3C4A-8E11-56892D9E472E}
		{BFA96ED5-3CB2-34E2-BE59-DDB1DACD3E30} = {BFA96ED5-3CB2-34E2-BE59-DDB1DACD3E30}
	EndProjectSection
EndProject
Project("{8BC9CEB8-8B4A-11D0-8D11-00A0C91BC942}") = "libobs-d3d11", "libobs-d3d11\libobs-d3d11.vcxproj", "{EC53AEA0-DF2E-3CE9-817A-3533A1B53281}"
	ProjectSection(ProjectDependencies) = postProject
		{3E53FD7F-98E4-3DB6-AD67-F3782B45B6D5} = {3E53FD7F-98E4-3DB6-AD67-F3782B45B6D5}
		{A4D48584-D583-380E-BABB-704433EF9FA1} = {A4D48584-D583-380E-BABB-704433EF9FA1}
	EndProjectSection
EndProject
Project("{8BC9CEB8-8B4A-11D0-8D11-00A0C91BC942}") = "libobs-opengl", "libobs-opengl\libobs-opengl.vcxproj", "{97969AFE-5DD1-30F3-874D-1813BFAD10AF}"
	ProjectSection(ProjectDependencies) = postProject
		{3E53FD7F-98E4-3DB6-AD67-F3782B45B6D5} = {3E53FD7F-98E4-3DB6-AD67-F3782B45B6D5}
		{42B5E002-D4CE-3094-9C3C-535F3290CD27} = {42B5E002-D4CE-3094-9C3C-535F3290CD27}
		{A4D48584-D583-380E-BABB-704433EF9FA1} = {A4D48584-D583-380E-BABB-704433EF9FA1}
	EndProjectSection
EndProject
Project("{8BC9CEB8-8B4A-11D0-8D11-00A0C91BC942}") = "lzma", "deps\lzma\lzma.vcxproj", "{C1206E91-61A4-345A-9F8A-8AA22A551B03}"
	ProjectSection(ProjectDependencies) = postProject
		{3E53FD7F-98E4-3DB6-AD67-F3782B45B6D5} = {3E53FD7F-98E4-3DB6-AD67-F3782B45B6D5}
	EndProjectSection
EndProject
Project("{8BC9CEB8-8B4A-11D0-8D11-00A0C91BC942}") = "media-playback", "deps\media-playback\media-playback.vcxproj", "{231BC0CB-7DFC-38CD-9CAE-9395912CD947}"
	ProjectSection(ProjectDependencies) = postProject
		{3E53FD7F-98E4-3DB6-AD67-F3782B45B6D5} = {3E53FD7F-98E4-3DB6-AD67-F3782B45B6D5}
	EndProjectSection
EndProject
Project("{8BC9CEB8-8B4A-11D0-8D11-00A0C91BC942}") = "obs", "UI\obs.vcxproj", "{50FDEF31-F5B4-3679-AF6F-F8A8C398CB4F}"
	ProjectSection(ProjectDependencies) = postProject
		{3E53FD7F-98E4-3DB6-AD67-F3782B45B6D5} = {3E53FD7F-98E4-3DB6-AD67-F3782B45B6D5}
		{7BF19190-AB7B-32E6-A149-71F286BB9A1B} = {7BF19190-AB7B-32E6-A149-71F286BB9A1B}
		{99DF0EB6-8467-3C4A-8E11-56892D9E472E} = {99DF0EB6-8467-3C4A-8E11-56892D9E472E}
		{A4D48584-D583-380E-BABB-704433EF9FA1} = {A4D48584-D583-380E-BABB-704433EF9FA1}
		{3150E7DC-43F4-35EE-9F66-1CBCBD634401} = {3150E7DC-43F4-35EE-9F66-1CBCBD634401}
	EndProjectSection
EndProject
Project("{8BC9CEB8-8B4A-11D0-8D11-00A0C91BC942}") = "obs-ffmpeg", "plugins\obs-ffmpeg\obs-ffmpeg.vcxproj", "{A581FD50-F4E5-32E4-9A24-FEB0E1CC9AC1}"
	ProjectSection(ProjectDependencies) = postProject
		{3E53FD7F-98E4-3DB6-AD67-F3782B45B6D5} = {3E53FD7F-98E4-3DB6-AD67-F3782B45B6D5}
		{A4D48584-D583-380E-BABB-704433EF9FA1} = {A4D48584-D583-380E-BABB-704433EF9FA1}
		{231BC0CB-7DFC-38CD-9CAE-9395912CD947} = {231BC0CB-7DFC-38CD-9CAE-9395912CD947}
		{BFA96ED5-3CB2-34E2-BE59-DDB1DACD3E30} = {BFA96ED5-3CB2-34E2-BE59-DDB1DACD3E30}
	EndProjectSection
EndProject
Project("{8BC9CEB8-8B4A-11D0-8D11-00A0C91BC942}") = "obs-filters", "plugins\obs-filters\obs-filters.vcxproj", "{47A4FCB5-DC62-3778-A017-28DE45EE1AA1}"
	ProjectSection(ProjectDependencies) = postProject
		{3E53FD7F-98E4-3DB6-AD67-F3782B45B6D5} = {3E53FD7F-98E4-3DB6-AD67-F3782B45B6D5}
		{A4D48584-D583-380E-BABB-704433EF9FA1} = {A4D48584-D583-380E-BABB-704433EF9FA1}
	EndProjectSection
EndProject
Project("{8BC9CEB8-8B4A-11D0-8D11-00A0C91BC942}") = "obs-frontend-api", "UI\obs-frontend-api\obs-frontend-api.vcxproj", "{3150E7DC-43F4-35EE-9F66-1CBCBD634401}"
	ProjectSection(ProjectDependencies) = postProject
		{3E53FD7F-98E4-3DB6-AD67-F3782B45B6D5} = {3E53FD7F-98E4-3DB6-AD67-F3782B45B6D5}
		{A4D48584-D583-380E-BABB-704433EF9FA1} = {A4D48584-D583-380E-BABB-704433EF9FA1}
	EndProjectSection
EndProject
Project("{8BC9CEB8-8B4A-11D0-8D11-00A0C91BC942}") = "obs-outputs", "plugins\obs-outputs\obs-outputs.vcxproj", "{96DA02E3-54A1-3BCB-B9A8-4DF95E2055B4}"
	ProjectSection(ProjectDependencies) = postProject
		{3E53FD7F-98E4-3DB6-AD67-F3782B45B6D5} = {3E53FD7F-98E4-3DB6-AD67-F3782B45B6D5}
		{99DF0EB6-8467-3C4A-8E11-56892D9E472E} = {99DF0EB6-8467-3C4A-8E11-56892D9E472E}
		{A4D48584-D583-380E-BABB-704433EF9FA1} = {A4D48584-D583-380E-BABB-704433EF9FA1}
		{BFA96ED5-3CB2-34E2-BE59-DDB1DACD3E30} = {BFA96ED5-3CB2-34E2-BE59-DDB1DACD3E30}
	EndProjectSection
EndProject
Project("{8BC9CEB8-8B4A-11D0-8D11-00A0C91BC942}") = "obs-qsv11", "plugins\obs-qsv11\obs-qsv11.vcxproj", "{B842C0CE-F3B8-39C2-BE18-B2E53CBC04D7}"
	ProjectSection(ProjectDependencies) = postProject
		{3E53FD7F-98E4-3DB6-AD67-F3782B45B6D5} = {3E53FD7F-98E4-3DB6-AD67-F3782B45B6D5}
		{A4D48584-D583-380E-BABB-704433EF9FA1} = {A4D48584-D583-380E-BABB-704433EF9FA1}
	EndProjectSection
EndProject
Project("{8BC9CEB8-8B4A-11D0-8D11-00A0C91BC942}") = "obs-text", "plugins\obs-text\obs-text.vcxproj", "{14D16AE7-F943-385A-8E02-595BAFDFBF90}"
	ProjectSection(ProjectDependencies) = postProject
		{3E53FD7F-98E4-3DB6-AD67-F3782B45B6D5} = {3E53FD7F-98E4-3DB6-AD67-F3782B45B6D5}
		{A4D48584-D583-380E-BABB-704433EF9FA1} = {A4D48584-D583-380E-BABB-704433EF9FA1}
	EndProjectSection
EndProject
Project("{8BC9CEB8-8B4A-11D0-8D11-00A0C91BC942}") = "obs-transitions", "plugins\obs-transitions\obs-transitions.vcxproj", "{B912A268-37BD-3761-AC0E-AA8D19B583D4}"
	ProjectSection(ProjectDependencies) = postProject
		{3E53FD7F-98E4-3DB6-AD67-F3782B45B6D5} = {3E53FD7F-98E4-3DB6-AD67-F3782B45B6D5}
		{A4D48584-D583-380E-BABB-704433EF9FA1} = {A4D48584-D583-380E-BABB-704433EF9FA1}
	EndProjectSection
EndProject
Project("{8BC9CEB8-8B4A-11D0-8D11-00A0C91BC942}") = "obs-vst", "plugins\obs-vst\obs-vst.vcxproj", "{0DF7485F-2469-3DC2-9963-A5E67DCDA49B}"
	ProjectSection(ProjectDependencies) = postProject
		{3E53FD7F-98E4-3DB6-AD67-F3782B45B6D5} = {3E53FD7F-98E4-3DB6-AD67-F3782B45B6D5}
		{A4D48584-D583-380E-BABB-704433EF9FA1} = {A4D48584-D583-380E-BABB-704433EF9FA1}
	EndProjectSection
EndProject
Project("{8BC9CEB8-8B4A-11D0-8D11-00A0C91BC942}") = "obs-x264", "plugins\obs-x264\obs-x264.vcxproj", "{BE408ADD-8664-3052-B427-96217DCF6ADF}"
	ProjectSection(ProjectDependencies) = postProject
		{3E53FD7F-98E4-3DB6-AD67-F3782B45B6D5} = {3E53FD7F-98E4-3DB6-AD67-F3782B45B6D5}
		{A4D48584-D583-380E-BABB-704433EF9FA1} = {A4D48584-D583-380E-BABB-704433EF9FA1}
	EndProjectSection
EndProject
Project("{8BC9CEB8-8B4A-11D0-8D11-00A0C91BC942}") = "rtmp-services", "plugins\rtmp-services\rtmp-services.vcxproj", "{48DE870A-3AE0-3CDE-AD02-B158E77153CF}"
	ProjectSection(ProjectDependencies) = postProject
		{3E53FD7F-98E4-3DB6-AD67-F3782B45B6D5} = {3E53FD7F-98E4-3DB6-AD67-F3782B45B6D5}
		{D5373CA2-09DB-3995-BBBD-8A1323AC1CB8} = {D5373CA2-09DB-3995-BBBD-8A1323AC1CB8}
		{99DF0EB6-8467-3C4A-8E11-56892D9E472E} = {99DF0EB6-8467-3C4A-8E11-56892D9E472E}
		{A4D48584-D583-380E-BABB-704433EF9FA1} = {A4D48584-D583-380E-BABB-704433EF9FA1}
		{BFA96ED5-3CB2-34E2-BE59-DDB1DACD3E30} = {BFA96ED5-3CB2-34E2-BE59-DDB1DACD3E30}
	EndProjectSection
EndProject
Project("{8BC9CEB8-8B4A-11D0-8D11-00A0C91BC942}") = "text-freetype2", "plugins\text-freetype2\text-freetype2.vcxproj", "{E36C7E74-536A-3051-9361-D3758AB264D3}"
	ProjectSection(ProjectDependencies) = postProject
		{3E53FD7F-98E4-3DB6-AD67-F3782B45B6D5} = {3E53FD7F-98E4-3DB6-AD67-F3782B45B6D5}
		{A4D48584-D583-380E-BABB-704433EF9FA1} = {A4D48584-D583-380E-BABB-704433EF9FA1}
	EndProjectSection
EndProject
Project("{8BC9CEB8-8B4A-11D0-8D11-00A0C91BC942}") = "w32-pthreads", "deps\w32-pthreads\w32-pthreads.vcxproj", "{BFA96ED5-3CB2-34E2-BE59-DDB1DACD3E30}"
	ProjectSection(ProjectDependencies) = postProject
		{3E53FD7F-98E4-3DB6-AD67-F3782B45B6D5} = {3E53FD7F-98E4-3DB6-AD67-F3782B45B6D5}
	EndProjectSection
EndProject
Project("{8BC9CEB8-8B4A-11D0-8D11-00A0C91BC942}") = "win-capture", "plugins\win-capture\win-capture.vcxproj", "{A360DA43-1AB3-366A-872A-96A4E24A2EB4}"
	ProjectSection(ProjectDependencies) = postProject
		{3E53FD7F-98E4-3DB6-AD67-F3782B45B6D5} = {3E53FD7F-98E4-3DB6-AD67-F3782B45B6D5}
		{44DAEC78-BF66-3949-92CE-1D05DC4180B1} = {44DAEC78-BF66-3949-92CE-1D05DC4180B1}
		{A4D48584-D583-380E-BABB-704433EF9FA1} = {A4D48584-D583-380E-BABB-704433EF9FA1}
	EndProjectSection
EndProject
Project("{8BC9CEB8-8B4A-11D0-8D11-00A0C91BC942}") = "win-decklink", "plugins\decklink\win\win-decklink.vcxproj", "{B4A0B38B-C6D7-3EC1-A72A-C82925726E08}"
	ProjectSection(ProjectDependencies) = postProject
		{3E53FD7F-98E4-3DB6-AD67-F3782B45B6D5} = {3E53FD7F-98E4-3DB6-AD67-F3782B45B6D5}
		{A4D48584-D583-380E-BABB-704433EF9FA1} = {A4D48584-D583-380E-BABB-704433EF9FA1}
	EndProjectSection
EndProject
Project("{8BC9CEB8-8B4A-11D0-8D11-00A0C91BC942}") = "win-dshow", "plugins\win-dshow\win-dshow.vcxproj", "{F5A360D8-987E-395A-8C45-6AF5CC8514E5}"
	ProjectSection(ProjectDependencies) = postProject
		{3E53FD7F-98E4-3DB6-AD67-F3782B45B6D5} = {3E53FD7F-98E4-3DB6-AD67-F3782B45B6D5}
		{A4D48584-D583-380E-BABB-704433EF9FA1} = {A4D48584-D583-380E-BABB-704433EF9FA1}
	EndProjectSection
EndProject
Project("{8BC9CEB8-8B4A-11D0-8D11-00A0C91BC942}") = "win-mf", "plugins\win-mf\win-mf.vcxproj", "{D2C01EA0-FF6B-3ECC-872D-7CE53B509500}"
	ProjectSection(ProjectDependencies) = postProject
		{3E53FD7F-98E4-3DB6-AD67-F3782B45B6D5} = {3E53FD7F-98E4-3DB6-AD67-F3782B45B6D5}
		{A4D48584-D583-380E-BABB-704433EF9FA1} = {A4D48584-D583-380E-BABB-704433EF9FA1}
	EndProjectSection
EndProject
Project("{8BC9CEB8-8B4A-11D0-8D11-00A0C91BC942}") = "win-wasapi", "plugins\win-wasapi\win-wasapi.vcxproj", "{B7645741-D792-358E-95E4-9888F2465CCD}"
	ProjectSection(ProjectDependencies) = postProject
		{3E53FD7F-98E4-3DB6-AD67-F3782B45B6D5} = {3E53FD7F-98E4-3DB6-AD67-F3782B45B6D5}
		{A4D48584-D583-380E-BABB-704433EF9FA1} = {A4D48584-D583-380E-BABB-704433EF9FA1}
	EndProjectSection
EndProject
Global
	GlobalSection(SolutionConfigurationPlatforms) = preSolution
		Debug|Win32 = Debug|Win32
		Release|Win32 = Release|Win32
		MinSizeRel|Win32 = MinSizeRel|Win32
		RelWithDebInfo|Win32 = RelWithDebInfo|Win32
	EndGlobalSection
	GlobalSection(ProjectConfigurationPlatforms) = postSolution
		{1CAC273B-F7D4-310C-9AE4-1C28B638F3B9}.Debug|Win32.ActiveCfg = Debug|Win32
		{1CAC273B-F7D4-310C-9AE4-1C28B638F3B9}.Debug|Win32.Build.0 = Debug|Win32
		{1CAC273B-F7D4-310C-9AE4-1C28B638F3B9}.Release|Win32.ActiveCfg = Release|Win32
		{1CAC273B-F7D4-310C-9AE4-1C28B638F3B9}.Release|Win32.Build.0 = Release|Win32
		{1CAC273B-F7D4-310C-9AE4-1C28B638F3B9}.MinSizeRel|Win32.ActiveCfg = MinSizeRel|Win32
		{1CAC273B-F7D4-310C-9AE4-1C28B638F3B9}.MinSizeRel|Win32.Build.0 = MinSizeRel|Win32
		{1CAC273B-F7D4-310C-9AE4-1C28B638F3B9}.RelWithDebInfo|Win32.ActiveCfg = RelWithDebInfo|Win32
		{1CAC273B-F7D4-310C-9AE4-1C28B638F3B9}.RelWithDebInfo|Win32.Build.0 = RelWithDebInfo|Win32
		{4EE12F5C-398F-3A96-BA78-BA9EDA18317E}.Debug|Win32.ActiveCfg = Debug|Win32
		{4EE12F5C-398F-3A96-BA78-BA9EDA18317E}.Release|Win32.ActiveCfg = Release|Win32
		{4EE12F5C-398F-3A96-BA78-BA9EDA18317E}.MinSizeRel|Win32.ActiveCfg = MinSizeRel|Win32
		{4EE12F5C-398F-3A96-BA78-BA9EDA18317E}.RelWithDebInfo|Win32.ActiveCfg = RelWithDebInfo|Win32
		{EDAC91FE-2322-330D-8940-ACF932EF49A8}.Debug|Win32.ActiveCfg = Debug|Win32
		{EDAC91FE-2322-330D-8940-ACF932EF49A8}.Release|Win32.ActiveCfg = Release|Win32
		{EDAC91FE-2322-330D-8940-ACF932EF49A8}.MinSizeRel|Win32.ActiveCfg = MinSizeRel|Win32
		{EDAC91FE-2322-330D-8940-ACF932EF49A8}.RelWithDebInfo|Win32.ActiveCfg = RelWithDebInfo|Win32
		{3E53FD7F-98E4-3DB6-AD67-F3782B45B6D5}.Debug|Win32.ActiveCfg = Debug|Win32
		{3E53FD7F-98E4-3DB6-AD67-F3782B45B6D5}.Debug|Win32.Build.0 = Debug|Win32
		{3E53FD7F-98E4-3DB6-AD67-F3782B45B6D5}.Release|Win32.ActiveCfg = Release|Win32
		{3E53FD7F-98E4-3DB6-AD67-F3782B45B6D5}.Release|Win32.Build.0 = Release|Win32
		{3E53FD7F-98E4-3DB6-AD67-F3782B45B6D5}.MinSizeRel|Win32.ActiveCfg = MinSizeRel|Win32
		{3E53FD7F-98E4-3DB6-AD67-F3782B45B6D5}.MinSizeRel|Win32.Build.0 = MinSizeRel|Win32
		{3E53FD7F-98E4-3DB6-AD67-F3782B45B6D5}.RelWithDebInfo|Win32.ActiveCfg = RelWithDebInfo|Win32
		{3E53FD7F-98E4-3DB6-AD67-F3782B45B6D5}.RelWithDebInfo|Win32.Build.0 = RelWithDebInfo|Win32
		{7BF19190-AB7B-32E6-A149-71F286BB9A1B}.Debug|Win32.ActiveCfg = Debug|Win32
		{7BF19190-AB7B-32E6-A149-71F286BB9A1B}.Debug|Win32.Build.0 = Debug|Win32
		{7BF19190-AB7B-32E6-A149-71F286BB9A1B}.Release|Win32.ActiveCfg = Release|Win32
		{7BF19190-AB7B-32E6-A149-71F286BB9A1B}.Release|Win32.Build.0 = Release|Win32
		{7BF19190-AB7B-32E6-A149-71F286BB9A1B}.MinSizeRel|Win32.ActiveCfg = MinSizeRel|Win32
		{7BF19190-AB7B-32E6-A149-71F286BB9A1B}.MinSizeRel|Win32.Build.0 = MinSizeRel|Win32
		{7BF19190-AB7B-32E6-A149-71F286BB9A1B}.RelWithDebInfo|Win32.ActiveCfg = RelWithDebInfo|Win32
		{7BF19190-AB7B-32E6-A149-71F286BB9A1B}.RelWithDebInfo|Win32.Build.0 = RelWithDebInfo|Win32
		{1777B8A7-ABAF-37D4-B1A8-E146BAA8952E}.Debug|Win32.ActiveCfg = Debug|Win32
		{1777B8A7-ABAF-37D4-B1A8-E146BAA8952E}.Debug|Win32.Build.0 = Debug|Win32
		{1777B8A7-ABAF-37D4-B1A8-E146BAA8952E}.Release|Win32.ActiveCfg = Release|Win32
		{1777B8A7-ABAF-37D4-B1A8-E146BAA8952E}.Release|Win32.Build.0 = Release|Win32
		{1777B8A7-ABAF-37D4-B1A8-E146BAA8952E}.MinSizeRel|Win32.ActiveCfg = MinSizeRel|Win32
		{1777B8A7-ABAF-37D4-B1A8-E146BAA8952E}.MinSizeRel|Win32.Build.0 = MinSizeRel|Win32
		{1777B8A7-ABAF-37D4-B1A8-E146BAA8952E}.RelWithDebInfo|Win32.ActiveCfg = RelWithDebInfo|Win32
		{1777B8A7-ABAF-37D4-B1A8-E146BAA8952E}.RelWithDebInfo|Win32.Build.0 = RelWithDebInfo|Win32
		{43F733D4-2478-3263-B1D9-2C58FC0C336C}.Debug|Win32.ActiveCfg = Debug|Win32
		{43F733D4-2478-3263-B1D9-2C58FC0C336C}.Debug|Win32.Build.0 = Debug|Win32
		{43F733D4-2478-3263-B1D9-2C58FC0C336C}.Release|Win32.ActiveCfg = Release|Win32
		{43F733D4-2478-3263-B1D9-2C58FC0C336C}.Release|Win32.Build.0 = Release|Win32
		{43F733D4-2478-3263-B1D9-2C58FC0C336C}.MinSizeRel|Win32.ActiveCfg = MinSizeRel|Win32
		{43F733D4-2478-3263-B1D9-2C58FC0C336C}.MinSizeRel|Win32.Build.0 = MinSizeRel|Win32
		{43F733D4-2478-3263-B1D9-2C58FC0C336C}.RelWithDebInfo|Win32.ActiveCfg = RelWithDebInfo|Win32
		{43F733D4-2478-3263-B1D9-2C58FC0C336C}.RelWithDebInfo|Win32.Build.0 = RelWithDebInfo|Win32
		{D5373CA2-09DB-3995-BBBD-8A1323AC1CB8}.Debug|Win32.ActiveCfg = Debug|Win32
		{D5373CA2-09DB-3995-BBBD-8A1323AC1CB8}.Debug|Win32.Build.0 = Debug|Win32
		{D5373CA2-09DB-3995-BBBD-8A1323AC1CB8}.Release|Win32.ActiveCfg = Release|Win32
		{D5373CA2-09DB-3995-BBBD-8A1323AC1CB8}.Release|Win32.Build.0 = Release|Win32
		{D5373CA2-09DB-3995-BBBD-8A1323AC1CB8}.MinSizeRel|Win32.ActiveCfg = MinSizeRel|Win32
		{D5373CA2-09DB-3995-BBBD-8A1323AC1CB8}.MinSizeRel|Win32.Build.0 = MinSizeRel|Win32
		{D5373CA2-09DB-3995-BBBD-8A1323AC1CB8}.RelWithDebInfo|Win32.ActiveCfg = RelWithDebInfo|Win32
		{D5373CA2-09DB-3995-BBBD-8A1323AC1CB8}.RelWithDebInfo|Win32.Build.0 = RelWithDebInfo|Win32
		{72C40EE4-2DD9-31A0-A4B4-569775623921}.Debug|Win32.ActiveCfg = Debug|Win32
		{72C40EE4-2DD9-31A0-A4B4-569775623921}.Debug|Win32.Build.0 = Debug|Win32
		{72C40EE4-2DD9-31A0-A4B4-569775623921}.Release|Win32.ActiveCfg = Release|Win32
		{72C40EE4-2DD9-31A0-A4B4-569775623921}.Release|Win32.Build.0 = Release|Win32
		{72C40EE4-2DD9-31A0-A4B4-569775623921}.MinSizeRel|Win32.ActiveCfg = MinSizeRel|Win32
		{72C40EE4-2DD9-31A0-A4B4-569775623921}.MinSizeRel|Win32.Build.0 = MinSizeRel|Win32
		{72C40EE4-2DD9-31A0-A4B4-569775623921}.RelWithDebInfo|Win32.ActiveCfg = RelWithDebInfo|Win32
		{72C40EE4-2DD9-31A0-A4B4-569775623921}.RelWithDebInfo|Win32.Build.0 = RelWithDebInfo|Win32
		{22F0E367-9A09-354D-81B9-3B9FE3432F29}.Debug|Win32.ActiveCfg = Debug|Win32
		{22F0E367-9A09-354D-81B9-3B9FE3432F29}.Debug|Win32.Build.0 = Debug|Win32
		{22F0E367-9A09-354D-81B9-3B9FE3432F29}.Release|Win32.ActiveCfg = Release|Win32
		{22F0E367-9A09-354D-81B9-3B9FE3432F29}.Release|Win32.Build.0 = Release|Win32
		{22F0E367-9A09-354D-81B9-3B9FE3432F29}.MinSizeRel|Win32.ActiveCfg = MinSizeRel|Win32
		{22F0E367-9A09-354D-81B9-3B9FE3432F29}.MinSizeRel|Win32.Build.0 = MinSizeRel|Win32
		{22F0E367-9A09-354D-81B9-3B9FE3432F29}.RelWithDebInfo|Win32.ActiveCfg = RelWithDebInfo|Win32
		{22F0E367-9A09-354D-81B9-3B9FE3432F29}.RelWithDebInfo|Win32.Build.0 = RelWithDebInfo|Win32
		{42B5E002-D4CE-3094-9C3C-535F3290CD27}.Debug|Win32.ActiveCfg = Debug|Win32
		{42B5E002-D4CE-3094-9C3C-535F3290CD27}.Debug|Win32.Build.0 = Debug|Win32
		{42B5E002-D4CE-3094-9C3C-535F3290CD27}.Release|Win32.ActiveCfg = Release|Win32
		{42B5E002-D4CE-3094-9C3C-535F3290CD27}.Release|Win32.Build.0 = Release|Win32
		{42B5E002-D4CE-3094-9C3C-535F3290CD27}.MinSizeRel|Win32.ActiveCfg = MinSizeRel|Win32
		{42B5E002-D4CE-3094-9C3C-535F3290CD27}.MinSizeRel|Win32.Build.0 = MinSizeRel|Win32
		{42B5E002-D4CE-3094-9C3C-535F3290CD27}.RelWithDebInfo|Win32.ActiveCfg = RelWithDebInfo|Win32
		{42B5E002-D4CE-3094-9C3C-535F3290CD27}.RelWithDebInfo|Win32.Build.0 = RelWithDebInfo|Win32
		{F8EE3779-4083-3B99-A982-D86999FC6BE7}.Debug|Win32.ActiveCfg = Debug|Win32
		{F8EE3779-4083-3B99-A982-D86999FC6BE7}.Debug|Win32.Build.0 = Debug|Win32
		{F8EE3779-4083-3B99-A982-D86999FC6BE7}.Release|Win32.ActiveCfg = Release|Win32
		{F8EE3779-4083-3B99-A982-D86999FC6BE7}.Release|Win32.Build.0 = Release|Win32
		{F8EE3779-4083-3B99-A982-D86999FC6BE7}.MinSizeRel|Win32.ActiveCfg = MinSizeRel|Win32
		{F8EE3779-4083-3B99-A982-D86999FC6BE7}.MinSizeRel|Win32.Build.0 = MinSizeRel|Win32
		{F8EE3779-4083-3B99-A982-D86999FC6BE7}.RelWithDebInfo|Win32.ActiveCfg = RelWithDebInfo|Win32
		{F8EE3779-4083-3B99-A982-D86999FC6BE7}.RelWithDebInfo|Win32.Build.0 = RelWithDebInfo|Win32
		{12FD3340-3034-34A7-9C47-615FEAE499F0}.Debug|Win32.ActiveCfg = Debug|Win32
		{12FD3340-3034-34A7-9C47-615FEAE499F0}.Debug|Win32.Build.0 = Debug|Win32
		{12FD3340-3034-34A7-9C47-615FEAE499F0}.Release|Win32.ActiveCfg = Release|Win32
		{12FD3340-3034-34A7-9C47-615FEAE499F0}.Release|Win32.Build.0 = Release|Win32
		{12FD3340-3034-34A7-9C47-615FEAE499F0}.MinSizeRel|Win32.ActiveCfg = MinSizeRel|Win32
		{12FD3340-3034-34A7-9C47-615FEAE499F0}.MinSizeRel|Win32.Build.0 = MinSizeRel|Win32
		{12FD3340-3034-34A7-9C47-615FEAE499F0}.RelWithDebInfo|Win32.ActiveCfg = RelWithDebInfo|Win32
		{12FD3340-3034-34A7-9C47-615FEAE499F0}.RelWithDebInfo|Win32.Build.0 = RelWithDebInfo|Win32
		{7AA6F6DC-0F30-34C8-BB6C-047494CFBE52}.Debug|Win32.ActiveCfg = Debug|Win32
		{7AA6F6DC-0F30-34C8-BB6C-047494CFBE52}.Debug|Win32.Build.0 = Debug|Win32
		{7AA6F6DC-0F30-34C8-BB6C-047494CFBE52}.Release|Win32.ActiveCfg = Release|Win32
		{7AA6F6DC-0F30-34C8-BB6C-047494CFBE52}.Release|Win32.Build.0 = Release|Win32
		{7AA6F6DC-0F30-34C8-BB6C-047494CFBE52}.MinSizeRel|Win32.ActiveCfg = MinSizeRel|Win32
		{7AA6F6DC-0F30-34C8-BB6C-047494CFBE52}.MinSizeRel|Win32.Build.0 = MinSizeRel|Win32
		{7AA6F6DC-0F30-34C8-BB6C-047494CFBE52}.RelWithDebInfo|Win32.ActiveCfg = RelWithDebInfo|Win32
		{7AA6F6DC-0F30-34C8-BB6C-047494CFBE52}.RelWithDebInfo|Win32.Build.0 = RelWithDebInfo|Win32
		{44DAEC78-BF66-3949-92CE-1D05DC4180B1}.Debug|Win32.ActiveCfg = Debug|Win32
		{44DAEC78-BF66-3949-92CE-1D05DC4180B1}.Debug|Win32.Build.0 = Debug|Win32
		{44DAEC78-BF66-3949-92CE-1D05DC4180B1}.Release|Win32.ActiveCfg = Release|Win32
		{44DAEC78-BF66-3949-92CE-1D05DC4180B1}.Release|Win32.Build.0 = Release|Win32
		{44DAEC78-BF66-3949-92CE-1D05DC4180B1}.MinSizeRel|Win32.ActiveCfg = MinSizeRel|Win32
		{44DAEC78-BF66-3949-92CE-1D05DC4180B1}.MinSizeRel|Win32.Build.0 = MinSizeRel|Win32
		{44DAEC78-BF66-3949-92CE-1D05DC4180B1}.RelWithDebInfo|Win32.ActiveCfg = RelWithDebInfo|Win32
		{44DAEC78-BF66-3949-92CE-1D05DC4180B1}.RelWithDebInfo|Win32.Build.0 = RelWithDebInfo|Win32
		{99DF0EB6-8467-3C4A-8E11-56892D9E472E}.Debug|Win32.ActiveCfg = Debug|Win32
		{99DF0EB6-8467-3C4A-8E11-56892D9E472E}.Debug|Win32.Build.0 = Debug|Win32
		{99DF0EB6-8467-3C4A-8E11-56892D9E472E}.Release|Win32.ActiveCfg = Release|Win32
		{99DF0EB6-8467-3C4A-8E11-56892D9E472E}.Release|Win32.Build.0 = Release|Win32
		{99DF0EB6-8467-3C4A-8E11-56892D9E472E}.MinSizeRel|Win32.ActiveCfg = MinSizeRel|Win32
		{99DF0EB6-8467-3C4A-8E11-56892D9E472E}.MinSizeRel|Win32.Build.0 = MinSizeRel|Win32
		{99DF0EB6-8467-3C4A-8E11-56892D9E472E}.RelWithDebInfo|Win32.ActiveCfg = RelWithDebInfo|Win32
		{99DF0EB6-8467-3C4A-8E11-56892D9E472E}.RelWithDebInfo|Win32.Build.0 = RelWithDebInfo|Win32
		{A4D48584-D583-380E-BABB-704433EF9FA1}.Debug|Win32.ActiveCfg = Debug|Win32
		{A4D48584-D583-380E-BABB-704433EF9FA1}.Debug|Win32.Build.0 = Debug|Win32
		{A4D48584-D583-380E-BABB-704433EF9FA1}.Release|Win32.ActiveCfg = Release|Win32
		{A4D48584-D583-380E-BABB-704433EF9FA1}.Release|Win32.Build.0 = Release|Win32
		{A4D48584-D583-380E-BABB-704433EF9FA1}.MinSizeRel|Win32.ActiveCfg = MinSizeRel|Win32
		{A4D48584-D583-380E-BABB-704433EF9FA1}.MinSizeRel|Win32.Build.0 = MinSizeRel|Win32
		{A4D48584-D583-380E-BABB-704433EF9FA1}.RelWithDebInfo|Win32.ActiveCfg = RelWithDebInfo|Win32
		{A4D48584-D583-380E-BABB-704433EF9FA1}.RelWithDebInfo|Win32.Build.0 = RelWithDebInfo|Win32
		{EC53AEA0-DF2E-3CE9-817A-3533A1B53281}.Debug|Win32.ActiveCfg = Debug|Win32
		{EC53AEA0-DF2E-3CE9-817A-3533A1B53281}.Debug|Win32.Build.0 = Debug|Win32
		{EC53AEA0-DF2E-3CE9-817A-3533A1B53281}.Release|Win32.ActiveCfg = Release|Win32
		{EC53AEA0-DF2E-3CE9-817A-3533A1B53281}.Release|Win32.Build.0 = Release|Win32
		{EC53AEA0-DF2E-3CE9-817A-3533A1B53281}.MinSizeRel|Win32.ActiveCfg = MinSizeRel|Win32
		{EC53AEA0-DF2E-3CE9-817A-3533A1B53281}.MinSizeRel|Win32.Build.0 = MinSizeRel|Win32
		{EC53AEA0-DF2E-3CE9-817A-3533A1B53281}.RelWithDebInfo|Win32.ActiveCfg = RelWithDebInfo|Win32
		{EC53AEA0-DF2E-3CE9-817A-3533A1B53281}.RelWithDebInfo|Win32.Build.0 = RelWithDebInfo|Win32
		{97969AFE-5DD1-30F3-874D-1813BFAD10AF}.Debug|Win32.ActiveCfg = Debug|Win32
		{97969AFE-5DD1-30F3-874D-1813BFAD10AF}.Debug|Win32.Build.0 = Debug|Win32
		{97969AFE-5DD1-30F3-874D-1813BFAD10AF}.Release|Win32.ActiveCfg = Release|Win32
		{97969AFE-5DD1-30F3-874D-1813BFAD10AF}.Release|Win32.Build.0 = Release|Win32
		{97969AFE-5DD1-30F3-874D-1813BFAD10AF}.MinSizeRel|Win32.ActiveCfg = MinSizeRel|Win32
		{97969AFE-5DD1-30F3-874D-1813BFAD10AF}.MinSizeRel|Win32.Build.0 = MinSizeRel|Win32
		{97969AFE-5DD1-30F3-874D-1813BFAD10AF}.RelWithDebInfo|Win32.ActiveCfg = RelWithDebInfo|Win32
		{97969AFE-5DD1-30F3-874D-1813BFAD10AF}.RelWithDebInfo|Win32.Build.0 = RelWithDebInfo|Win32
		{C1206E91-61A4-345A-9F8A-8AA22A551B03}.Debug|Win32.ActiveCfg = Debug|Win32
		{C1206E91-61A4-345A-9F8A-8AA22A551B03}.Debug|Win32.Build.0 = Debug|Win32
		{C1206E91-61A4-345A-9F8A-8AA22A551B03}.Release|Win32.ActiveCfg = Release|Win32
		{C1206E91-61A4-345A-9F8A-8AA22A551B03}.Release|Win32.Build.0 = Release|Win32
		{C1206E91-61A4-345A-9F8A-8AA22A551B03}.MinSizeRel|Win32.ActiveCfg = MinSizeRel|Win32
		{C1206E91-61A4-345A-9F8A-8AA22A551B03}.MinSizeRel|Win32.Build.0 = MinSizeRel|Win32
		{C1206E91-61A4-345A-9F8A-8AA22A551B03}.RelWithDebInfo|Win32.ActiveCfg = RelWithDebInfo|Win32
		{C1206E91-61A4-345A-9F8A-8AA22A551B03}.RelWithDebInfo|Win32.Build.0 = RelWithDebInfo|Win32
		{231BC0CB-7DFC-38CD-9CAE-9395912CD947}.Debug|Win32.ActiveCfg = Debug|Win32
		{231BC0CB-7DFC-38CD-9CAE-9395912CD947}.Debug|Win32.Build.0 = Debug|Win32
		{231BC0CB-7DFC-38CD-9CAE-9395912CD947}.Release|Win32.ActiveCfg = Release|Win32
		{231BC0CB-7DFC-38CD-9CAE-9395912CD947}.Release|Win32.Build.0 = Release|Win32
		{231BC0CB-7DFC-38CD-9CAE-9395912CD947}.MinSizeRel|Win32.ActiveCfg = MinSizeRel|Win32
		{231BC0CB-7DFC-38CD-9CAE-9395912CD947}.MinSizeRel|Win32.Build.0 = MinSizeRel|Win32
		{231BC0CB-7DFC-38CD-9CAE-9395912CD947}.RelWithDebInfo|Win32.ActiveCfg = RelWithDebInfo|Win32
		{231BC0CB-7DFC-38CD-9CAE-9395912CD947}.RelWithDebInfo|Win32.Build.0 = RelWithDebInfo|Win32
		{50FDEF31-F5B4-3679-AF6F-F8A8C398CB4F}.Debug|Win32.ActiveCfg = Debug|Win32
		{50FDEF31-F5B4-3679-AF6F-F8A8C398CB4F}.Debug|Win32.Build.0 = Debug|Win32
		{50FDEF31-F5B4-3679-AF6F-F8A8C398CB4F}.Release|Win32.ActiveCfg = Release|Win32
		{50FDEF31-F5B4-3679-AF6F-F8A8C398CB4F}.Release|Win32.Build.0 = Release|Win32
		{50FDEF31-F5B4-3679-AF6F-F8A8C398CB4F}.MinSizeRel|Win32.ActiveCfg = MinSizeRel|Win32
		{50FDEF31-F5B4-3679-AF6F-F8A8C398CB4F}.MinSizeRel|Win32.Build.0 = MinSizeRel|Win32
		{50FDEF31-F5B4-3679-AF6F-F8A8C398CB4F}.RelWithDebInfo|Win32.ActiveCfg = RelWithDebInfo|Win32
		{50FDEF31-F5B4-3679-AF6F-F8A8C398CB4F}.RelWithDebInfo|Win32.Build.0 = RelWithDebInfo|Win32
		{A581FD50-F4E5-32E4-9A24-FEB0E1CC9AC1}.Debug|Win32.ActiveCfg = Debug|Win32
		{A581FD50-F4E5-32E4-9A24-FEB0E1CC9AC1}.Debug|Win32.Build.0 = Debug|Win32
		{A581FD50-F4E5-32E4-9A24-FEB0E1CC9AC1}.Release|Win32.ActiveCfg = Release|Win32
		{A581FD50-F4E5-32E4-9A24-FEB0E1CC9AC1}.Release|Win32.Build.0 = Release|Win32
		{A581FD50-F4E5-32E4-9A24-FEB0E1CC9AC1}.MinSizeRel|Win32.ActiveCfg = MinSizeRel|Win32
		{A581FD50-F4E5-32E4-9A24-FEB0E1CC9AC1}.MinSizeRel|Win32.Build.0 = MinSizeRel|Win32
		{A581FD50-F4E5-32E4-9A24-FEB0E1CC9AC1}.RelWithDebInfo|Win32.ActiveCfg = RelWithDebInfo|Win32
		{A581FD50-F4E5-32E4-9A24-FEB0E1CC9AC1}.RelWithDebInfo|Win32.Build.0 = RelWithDebInfo|Win32
		{47A4FCB5-DC62-3778-A017-28DE45EE1AA1}.Debug|Win32.ActiveCfg = Debug|Win32
		{47A4FCB5-DC62-3778-A017-28DE45EE1AA1}.Debug|Win32.Build.0 = Debug|Win32
		{47A4FCB5-DC62-3778-A017-28DE45EE1AA1}.Release|Win32.ActiveCfg = Release|Win32
		{47A4FCB5-DC62-3778-A017-28DE45EE1AA1}.Release|Win32.Build.0 = Release|Win32
		{47A4FCB5-DC62-3778-A017-28DE45EE1AA1}.MinSizeRel|Win32.ActiveCfg = MinSizeRel|Win32
		{47A4FCB5-DC62-3778-A017-28DE45EE1AA1}.MinSizeRel|Win32.Build.0 = MinSizeRel|Win32
		{47A4FCB5-DC62-3778-A017-28DE45EE1AA1}.RelWithDebInfo|Win32.ActiveCfg = RelWithDebInfo|Win32
		{47A4FCB5-DC62-3778-A017-28DE45EE1AA1}.RelWithDebInfo|Win32.Build.0 = RelWithDebInfo|Win32
		{3150E7DC-43F4-35EE-9F66-1CBCBD634401}.Debug|Win32.ActiveCfg = Debug|Win32
		{3150E7DC-43F4-35EE-9F66-1CBCBD634401}.Debug|Win32.Build.0 = Debug|Win32
		{3150E7DC-43F4-35EE-9F66-1CBCBD634401}.Release|Win32.ActiveCfg = Release|Win32
		{3150E7DC-43F4-35EE-9F66-1CBCBD634401}.Release|Win32.Build.0 = Release|Win32
		{3150E7DC-43F4-35EE-9F66-1CBCBD634401}.MinSizeRel|Win32.ActiveCfg = MinSizeRel|Win32
		{3150E7DC-43F4-35EE-9F66-1CBCBD634401}.MinSizeRel|Win32.Build.0 = MinSizeRel|Win32
		{3150E7DC-43F4-35EE-9F66-1CBCBD634401}.RelWithDebInfo|Win32.ActiveCfg = RelWithDebInfo|Win32
		{3150E7DC-43F4-35EE-9F66-1CBCBD634401}.RelWithDebInfo|Win32.Build.0 = RelWithDebInfo|Win32
		{96DA02E3-54A1-3BCB-B9A8-4DF95E2055B4}.Debug|Win32.ActiveCfg = Debug|Win32
		{96DA02E3-54A1-3BCB-B9A8-4DF95E2055B4}.Debug|Win32.Build.0 = Debug|Win32
		{96DA02E3-54A1-3BCB-B9A8-4DF95E2055B4}.Release|Win32.ActiveCfg = Release|Win32
		{96DA02E3-54A1-3BCB-B9A8-4DF95E2055B4}.Release|Win32.Build.0 = Release|Win32
		{96DA02E3-54A1-3BCB-B9A8-4DF95E2055B4}.MinSizeRel|Win32.ActiveCfg = MinSizeRel|Win32
		{96DA02E3-54A1-3BCB-B9A8-4DF95E2055B4}.MinSizeRel|Win32.Build.0 = MinSizeRel|Win32
		{96DA02E3-54A1-3BCB-B9A8-4DF95E2055B4}.RelWithDebInfo|Win32.ActiveCfg = RelWithDebInfo|Win32
		{96DA02E3-54A1-3BCB-B9A8-4DF95E2055B4}.RelWithDebInfo|Win32.Build.0 = RelWithDebInfo|Win32
		{B842C0CE-F3B8-39C2-BE18-B2E53CBC04D7}.Debug|Win32.ActiveCfg = Debug|Win32
		{B842C0CE-F3B8-39C2-BE18-B2E53CBC04D7}.Debug|Win32.Build.0 = Debug|Win32
		{B842C0CE-F3B8-39C2-BE18-B2E53CBC04D7}.Release|Win32.ActiveCfg = Release|Win32
		{B842C0CE-F3B8-39C2-BE18-B2E53CBC04D7}.Release|Win32.Build.0 = Release|Win32
		{B842C0CE-F3B8-39C2-BE18-B2E53CBC04D7}.MinSizeRel|Win32.ActiveCfg = MinSizeRel|Win32
		{B842C0CE-F3B8-39C2-BE18-B2E53CBC04D7}.MinSizeRel|Win32.Build.0 = MinSizeRel|Win32
		{B842C0CE-F3B8-39C2-BE18-B2E53CBC04D7}.RelWithDebInfo|Win32.ActiveCfg = RelWithDebInfo|Win32
		{B842C0CE-F3B8-39C2-BE18-B2E53CBC04D7}.RelWithDebInfo|Win32.Build.0 = RelWithDebInfo|Win32
		{14D16AE7-F943-385A-8E02-595BAFDFBF90}.Debug|Win32.ActiveCfg = Debug|Win32
		{14D16AE7-F943-385A-8E02-595BAFDFBF90}.Debug|Win32.Build.0 = Debug|Win32
		{14D16AE7-F943-385A-8E02-595BAFDFBF90}.Release|Win32.ActiveCfg = Release|Win32
		{14D16AE7-F943-385A-8E02-595BAFDFBF90}.Release|Win32.Build.0 = Release|Win32
		{14D16AE7-F943-385A-8E02-595BAFDFBF90}.MinSizeRel|Win32.ActiveCfg = MinSizeRel|Win32
		{14D16AE7-F943-385A-8E02-595BAFDFBF90}.MinSizeRel|Win32.Build.0 = MinSizeRel|Win32
		{14D16AE7-F943-385A-8E02-595BAFDFBF90}.RelWithDebInfo|Win32.ActiveCfg = RelWithDebInfo|Win32
		{14D16AE7-F943-385A-8E02-595BAFDFBF90}.RelWithDebInfo|Win32.Build.0 = RelWithDebInfo|Win32
		{B912A268-37BD-3761-AC0E-AA8D19B583D4}.Debug|Win32.ActiveCfg = Debug|Win32
		{B912A268-37BD-3761-AC0E-AA8D19B583D4}.Debug|Win32.Build.0 = Debug|Win32
		{B912A268-37BD-3761-AC0E-AA8D19B583D4}.Release|Win32.ActiveCfg = Release|Win32
		{B912A268-37BD-3761-AC0E-AA8D19B583D4}.Release|Win32.Build.0 = Release|Win32
		{B912A268-37BD-3761-AC0E-AA8D19B583D4}.MinSizeRel|Win32.ActiveCfg = MinSizeRel|Win32
		{B912A268-37BD-3761-AC0E-AA8D19B583D4}.MinSizeRel|Win32.Build.0 = MinSizeRel|Win32
		{B912A268-37BD-3761-AC0E-AA8D19B583D4}.RelWithDebInfo|Win32.ActiveCfg = RelWithDebInfo|Win32
		{B912A268-37BD-3761-AC0E-AA8D19B583D4}.RelWithDebInfo|Win32.Build.0 = RelWithDebInfo|Win32
		{0DF7485F-2469-3DC2-9963-A5E67DCDA49B}.Debug|Win32.ActiveCfg = Debug|Win32
		{0DF7485F-2469-3DC2-9963-A5E67DCDA49B}.Debug|Win32.Build.0 = Debug|Win32
		{0DF7485F-2469-3DC2-9963-A5E67DCDA49B}.Release|Win32.ActiveCfg = Release|Win32
		{0DF7485F-2469-3DC2-9963-A5E67DCDA49B}.Release|Win32.Build.0 = Release|Win32
		{0DF7485F-2469-3DC2-9963-A5E67DCDA49B}.MinSizeRel|Win32.ActiveCfg = MinSizeRel|Win32
		{0DF7485F-2469-3DC2-9963-A5E67DCDA49B}.MinSizeRel|Win32.Build.0 = MinSizeRel|Win32
		{0DF7485F-2469-3DC2-9963-A5E67DCDA49B}.RelWithDebInfo|Win32.ActiveCfg = RelWithDebInfo|Win32
		{0DF7485F-2469-3DC2-9963-A5E67DCDA49B}.RelWithDebInfo|Win32.Build.0 = RelWithDebInfo|Win32
		{BE408ADD-8664-3052-B427-96217DCF6ADF}.Debug|Win32.ActiveCfg = Debug|Win32
		{BE408ADD-8664-3052-B427-96217DCF6ADF}.Debug|Win32.Build.0 = Debug|Win32
		{BE408ADD-8664-3052-B427-96217DCF6ADF}.Release|Win32.ActiveCfg = Release|Win32
		{BE408ADD-8664-3052-B427-96217DCF6ADF}.Release|Win32.Build.0 = Release|Win32
		{BE408ADD-8664-3052-B427-96217DCF6ADF}.MinSizeRel|Win32.ActiveCfg = MinSizeRel|Win32
		{BE408ADD-8664-3052-B427-96217DCF6ADF}.MinSizeRel|Win32.Build.0 = MinSizeRel|Win32
		{BE408ADD-8664-3052-B427-96217DCF6ADF}.RelWithDebInfo|Win32.ActiveCfg = RelWithDebInfo|Win32
		{BE408ADD-8664-3052-B427-96217DCF6ADF}.RelWithDebInfo|Win32.Build.0 = RelWithDebInfo|Win32
		{48DE870A-3AE0-3CDE-AD02-B158E77153CF}.Debug|Win32.ActiveCfg = Debug|Win32
		{48DE870A-3AE0-3CDE-AD02-B158E77153CF}.Debug|Win32.Build.0 = Debug|Win32
		{48DE870A-3AE0-3CDE-AD02-B158E77153CF}.Release|Win32.ActiveCfg = Release|Win32
		{48DE870A-3AE0-3CDE-AD02-B158E77153CF}.Release|Win32.Build.0 = Release|Win32
		{48DE870A-3AE0-3CDE-AD02-B158E77153CF}.MinSizeRel|Win32.ActiveCfg = MinSizeRel|Win32
		{48DE870A-3AE0-3CDE-AD02-B158E77153CF}.MinSizeRel|Win32.Build.0 = MinSizeRel|Win32
		{48DE870A-3AE0-3CDE-AD02-B158E77153CF}.RelWithDebInfo|Win32.ActiveCfg = RelWithDebInfo|Win32
		{48DE870A-3AE0-3CDE-AD02-B158E77153CF}.RelWithDebInfo|Win32.Build.0 = RelWithDebInfo|Win32
		{E36C7E74-536A-3051-9361-D3758AB264D3}.Debug|Win32.ActiveCfg = Debug|Win32
		{E36C7E74-536A-3051-9361-D3758AB264D3}.Debug|Win32.Build.0 = Debug|Win32
		{E36C7E74-536A-3051-9361-D3758AB264D3}.Release|Win32.ActiveCfg = Release|Win32
		{E36C7E74-536A-3051-9361-D3758AB264D3}.Release|Win32.Build.0 = Release|Win32
		{E36C7E74-536A-3051-9361-D3758AB264D3}.MinSizeRel|Win32.ActiveCfg = MinSizeRel|Win32
		{E36C7E74-536A-3051-9361-D3758AB264D3}.MinSizeRel|Win32.Build.0 = MinSizeRel|Win32
		{E36C7E74-536A-3051-9361-D3758AB264D3}.RelWithDebInfo|Win32.ActiveCfg = RelWithDebInfo|Win32
		{E36C7E74-536A-3051-9361-D3758AB264D3}.RelWithDebInfo|Win32.Build.0 = RelWithDebInfo|Win32
		{BFA96ED5-3CB2-34E2-BE59-DDB1DACD3E30}.Debug|Win32.ActiveCfg = Debug|Win32
		{BFA96ED5-3CB2-34E2-BE59-DDB1DACD3E30}.Debug|Win32.Build.0 = Debug|Win32
		{BFA96ED5-3CB2-34E2-BE59-DDB1DACD3E30}.Release|Win32.ActiveCfg = Release|Win32
		{BFA96ED5-3CB2-34E2-BE59-DDB1DACD3E30}.Release|Win32.Build.0 = Release|Win32
		{BFA96ED5-3CB2-34E2-BE59-DDB1DACD3E30}.MinSizeRel|Win32.ActiveCfg = MinSizeRel|Win32
		{BFA96ED5-3CB2-34E2-BE59-DDB1DACD3E30}.MinSizeRel|Win32.Build.0 = MinSizeRel|Win32
		{BFA96ED5-3CB2-34E2-BE59-DDB1DACD3E30}.RelWithDebInfo|Win32.ActiveCfg = RelWithDebInfo|Win32
		{BFA96ED5-3CB2-34E2-BE59-DDB1DACD3E30}.RelWithDebInfo|Win32.Build.0 = RelWithDebInfo|Win32
		{A360DA43-1AB3-366A-872A-96A4E24A2EB4}.Debug|Win32.ActiveCfg = Debug|Win32
		{A360DA43-1AB3-366A-872A-96A4E24A2EB4}.Debug|Win32.Build.0 = Debug|Win32
		{A360DA43-1AB3-366A-872A-96A4E24A2EB4}.Release|Win32.ActiveCfg = Release|Win32
		{A360DA43-1AB3-366A-872A-96A4E24A2EB4}.Release|Win32.Build.0 = Release|Win32
		{A360DA43-1AB3-366A-872A-96A4E24A2EB4}.MinSizeRel|Win32.ActiveCfg = MinSizeRel|Win32
		{A360DA43-1AB3-366A-872A-96A4E24A2EB4}.MinSizeRel|Win32.Build.0 = MinSizeRel|Win32
		{A360DA43-1AB3-366A-872A-96A4E24A2EB4}.RelWithDebInfo|Win32.ActiveCfg = RelWithDebInfo|Win32
		{A360DA43-1AB3-366A-872A-96A4E24A2EB4}.RelWithDebInfo|Win32.Build.0 = RelWithDebInfo|Win32
		{B4A0B38B-C6D7-3EC1-A72A-C82925726E08}.Debug|Win32.ActiveCfg = Debug|Win32
		{B4A0B38B-C6D7-3EC1-A72A-C82925726E08}.Debug|Win32.Build.0 = Debug|Win32
		{B4A0B38B-C6D7-3EC1-A72A-C82925726E08}.Release|Win32.ActiveCfg = Release|Win32
		{B4A0B38B-C6D7-3EC1-A72A-C82925726E08}.Release|Win32.Build.0 = Release|Win32
		{B4A0B38B-C6D7-3EC1-A72A-C82925726E08}.MinSizeRel|Win32.ActiveCfg = MinSizeRel|Win32
		{B4A0B38B-C6D7-3EC1-A72A-C82925726E08}.MinSizeRel|Win32.Build.0 = MinSizeRel|Win32
		{B4A0B38B-C6D7-3EC1-A72A-C82925726E08}.RelWithDebInfo|Win32.ActiveCfg = RelWithDebInfo|Win32
		{B4A0B38B-C6D7-3EC1-A72A-C82925726E08}.RelWithDebInfo|Win32.Build.0 = RelWithDebInfo|Win32
		{F5A360D8-987E-395A-8C45-6AF5CC8514E5}.Debug|Win32.ActiveCfg = Debug|Win32
		{F5A360D8-987E-395A-8C45-6AF5CC8514E5}.Debug|Win32.Build.0 = Debug|Win32
		{F5A360D8-987E-395A-8C45-6AF5CC8514E5}.Release|Win32.ActiveCfg = Release|Win32
		{F5A360D8-987E-395A-8C45-6AF5CC8514E5}.Release|Win32.Build.0 = Release|Win32
		{F5A360D8-987E-395A-8C45-6AF5CC8514E5}.MinSizeRel|Win32.ActiveCfg = MinSizeRel|Win32
		{F5A360D8-987E-395A-8C45-6AF5CC8514E5}.MinSizeRel|Win32.Build.0 = MinSizeRel|Win32
		{F5A360D8-987E-395A-8C45-6AF5CC8514E5}.RelWithDebInfo|Win32.ActiveCfg = RelWithDebInfo|Win32
		{F5A360D8-987E-395A-8C45-6AF5CC8514E5}.RelWithDebInfo|Win32.Build.0 = RelWithDebInfo|Win32
		{D2C01EA0-FF6B-3ECC-872D-7CE53B509500}.Debug|Win32.ActiveCfg = Debug|Win32
		{D2C01EA0-FF6B-3ECC-872D-7CE53B509500}.Debug|Win32.Build.0 = Debug|Win32
		{D2C01EA0-FF6B-3ECC-872D-7CE53B509500}.Release|Win32.ActiveCfg = Release|Win32
		{D2C01EA0-FF6B-3ECC-872D-7CE53B509500}.Release|Win32.Build.0 = Release|Win32
		{D2C01EA0-FF6B-3ECC-872D-7CE53B509500}.MinSizeRel|Win32.ActiveCfg = MinSizeRel|Win32
		{D2C01EA0-FF6B-3ECC-872D-7CE53B509500}.MinSizeRel|Win32.Build.0 = MinSizeRel|Win32
		{D2C01EA0-FF6B-3ECC-872D-7CE53B509500}.RelWithDebInfo|Win32.ActiveCfg = RelWithDebInfo|Win32
		{D2C01EA0-FF6B-3ECC-872D-7CE53B509500}.RelWithDebInfo|Win32.Build.0 = RelWithDebInfo|Win32
		{B7645741-D792-358E-95E4-9888F2465CCD}.Debug|Win32.ActiveCfg = Debug|Win32
		{B7645741-D792-358E-95E4-9888F2465CCD}.Debug|Win32.Build.0 = Debug|Win32
		{B7645741-D792-358E-95E4-9888F2465CCD}.Release|Win32.ActiveCfg = Release|Win32
		{B7645741-D792-358E-95E4-9888F2465CCD}.Release|Win32.Build.0 = Release|Win32
		{B7645741-D792-358E-95E4-9888F2465CCD}.MinSizeRel|Win32.ActiveCfg = MinSizeRel|Win32
		{B7645741-D792-358E-95E4-9888F2465CCD}.MinSizeRel|Win32.Build.0 = MinSizeRel|Win32
		{B7645741-D792-358E-95E4-9888F2465CCD}.RelWithDebInfo|Win32.ActiveCfg = RelWithDebInfo|Win32
		{B7645741-D792-358E-95E4-9888F2465CCD}.RelWithDebInfo|Win32.Build.0 = RelWithDebInfo|Win32
	EndGlobalSection
	GlobalSection(ExtensibilityGlobals) = postSolution
		SolutionGuid = {4A86B7FF-B034-3AE5-87E9-FA03D5F5F474}
	EndGlobalSection
	GlobalSection(ExtensibilityAddIns) = postSolution
	EndGlobalSection
EndGlobal
