<?xml version="1.0" encoding="utf-8"?>
<Project ToolsVersion="12.0" xmlns="http://schemas.microsoft.com/developer/msbuild/2003">
  <ItemGroup>
    <ClCompile Include="F:\obs\obsLearn\obs-studio\plugins\obs-filters\obs-filters.c">
      <Filter>Source Files</Filter>
    </ClCompile>
    <ClCompile Include="F:\obs\obsLearn\obs-studio\plugins\obs-filters\color-correction-filter.c">
      <Filter>Source Files</Filter>
    </ClCompile>
    <ClCompile Include="F:\obs\obsLearn\obs-studio\plugins\obs-filters\async-delay-filter.c">
      <Filter>Source Files</Filter>
    </ClCompile>
    <ClCompile Include="F:\obs\obsLearn\obs-studio\plugins\obs-filters\gpu-delay.c">
      <Filter>Source Files</Filter>
    </ClCompile>
    <ClCompile Include="F:\obs\obsLearn\obs-studio\plugins\obs-filters\crop-filter.c">
      <Filter>Source Files</Filter>
    </ClCompile>
    <ClCompile Include="F:\obs\obsLearn\obs-studio\plugins\obs-filters\scale-filter.c">
      <Filter>Source Files</Filter>
    </ClCompile>
    <ClCompile Include="F:\obs\obsLearn\obs-studio\plugins\obs-filters\scroll-filter.c">
      <Filter>Source Files</Filter>
    </ClCompile>
    <ClCompile Include="F:\obs\obsLearn\obs-studio\plugins\obs-filters\chroma-key-filter.c">
      <Filter>Source Files</Filter>
    </ClCompile>
    <ClCompile Include="F:\obs\obsLearn\obs-studio\plugins\obs-filters\color-key-filter.c">
      <Filter>Source Files</Filter>
    </ClCompile>
    <ClCompile Include="F:\obs\obsLearn\obs-studio\plugins\obs-filters\color-grade-filter.c">
      <Filter>Source Files</Filter>
    </ClCompile>
    <ClCompile Include="F:\obs\obsLearn\obs-studio\plugins\obs-filters\sharpness-filter.c">
      <Filter>Source Files</Filter>
    </ClCompile>
    <ClCompile Include="F:\obs\obsLearn\obs-studio\plugins\obs-filters\gain-filter.c">
      <Filter>Source Files</Filter>
    </ClCompile>
    <ClCompile Include="F:\obs\obsLearn\obs-studio\plugins\obs-filters\noise-gate-filter.c">
      <Filter>Source Files</Filter>
    </ClCompile>
    <ClCompile Include="F:\obs\obsLearn\obs-studio\plugins\obs-filters\mask-filter.c">
      <Filter>Source Files</Filter>
    </ClCompile>
    <ClCompile Include="F:\obs\obsLearn\obs-studio\plugins\obs-filters\compressor-filter.c">
      <Filter>Source Files</Filter>
    </ClCompile>
    <ClCompile Include="F:\obs\obsLearn\obs-studio\plugins\obs-filters\noise-suppress-filter.c">
      <Filter>Source Files</Filter>
    </ClCompile>
  </ItemGroup>
  <ItemGroup>
    <ClInclude Include="F:\obs\obsLearn\obs-studio-vs2013\plugins\obs-filters\config\obs-filters-config.h">
      <Filter>Header Files</Filter>
    </ClInclude>
  </ItemGroup>
  <ItemGroup>
    <CustomBuild Include="F:\obs\obsLearn\obs-studio\plugins\obs-filters\CMakeLists.txt" />
  </ItemGroup>
  <ItemGroup>
    <Filter Include="Header Files">
      <UniqueIdentifier>{B5377544-C59E-356B-B1AD-0836A7F75365}</UniqueIdentifier>
    </Filter>
    <Filter Include="Source Files">
      <UniqueIdentifier>{38AE4957-671D-3F99-B646-A92D985FCC4F}</UniqueIdentifier>
    </Filter>
  </ItemGroup>
</Project>
