Microsoft Visual Studio Solution File, Format Version 12.00
# Visual Studio 2013
Project("{8BC9CEB8-8B4A-11D0-8D11-00A0C91BC942}") = "ALL_BUILD", "ALL_BUILD.vcxproj", "{1CAC273B-F7D4-310C-9AE4-1C28B638F3B9}"
	ProjectSection(ProjectDependencies) = postProject
		{3E53FD7F-98E4-3DB6-AD67-F3782B45B6D5} = {3E53FD7F-98E4-3DB6-AD67-F3782B45B6D5}
	EndProjectSection
EndProject
Project("{8BC9CEB8-8B4A-11D0-8D11-00A0C91BC942}") = "INSTALL", "INSTALL.vcxproj", "{4EE12F5C-398F-3A96-BA78-BA9EDA18317E}"
	ProjectSection(ProjectDependencies) = postProject
		{1CAC273B-F7D4-310C-9AE4-1C28B638F3B9} = {1CAC273B-F7D4-310C-9AE4-1C28B638F3B9}
		{3E53FD7F-98E4-3DB6-AD67-F3782B45B6D5} = {3E53FD7F-98E4-3DB6-AD67-F3782B45B6D5}
	EndProjectSection
EndProject
Project("{8BC9CEB8-8B4A-11D0-8D11-00A0C91BC942}") = "PACKAGE", "PACKAGE.vcxproj", "{EDAC91FE-2322-330D-8940-ACF932EF49A8}"
	ProjectSection(ProjectDependencies) = postProject
		{1CAC273B-F7D4-310C-9AE4-1C28B638F3B9} = {1CAC273B-F7D4-310C-9AE4-1C28B638F3B9}
		{3E53FD7F-98E4-3DB6-AD67-F3782B45B6D5} = {3E53FD7F-98E4-3DB6-AD67-F3782B45B6D5}
	EndProjectSection
EndProject
Project("{8BC9CEB8-8B4A-11D0-8D11-00A0C91BC942}") = "ZERO_CHECK", "..\..\\ZERO_CHECK.vcxproj", "{3E53FD7F-98E4-3DB6-AD67-F3782B45B6D5}"
	ProjectSection(ProjectDependencies) = postProject
	EndProjectSection
EndProject
Global
	GlobalSection(SolutionConfigurationPlatforms) = preSolution
		Debug|Win32 = Debug|Win32
		Release|Win32 = Release|Win32
		MinSizeRel|Win32 = MinSizeRel|Win32
		RelWithDebInfo|Win32 = RelWithDebInfo|Win32
	EndGlobalSection
	GlobalSection(ProjectConfigurationPlatforms) = postSolution
		{1CAC273B-F7D4-310C-9AE4-1C28B638F3B9}.Debug|Win32.ActiveCfg = Debug|Win32
		{1CAC273B-F7D4-310C-9AE4-1C28B638F3B9}.Debug|Win32.Build.0 = Debug|Win32
		{1CAC273B-F7D4-310C-9AE4-1C28B638F3B9}.Release|Win32.ActiveCfg = Release|Win32
		{1CAC273B-F7D4-310C-9AE4-1C28B638F3B9}.Release|Win32.Build.0 = Release|Win32
		{1CAC273B-F7D4-310C-9AE4-1C28B638F3B9}.MinSizeRel|Win32.ActiveCfg = MinSizeRel|Win32
		{1CAC273B-F7D4-310C-9AE4-1C28B638F3B9}.MinSizeRel|Win32.Build.0 = MinSizeRel|Win32
		{1CAC273B-F7D4-310C-9AE4-1C28B638F3B9}.RelWithDebInfo|Win32.ActiveCfg = RelWithDebInfo|Win32
		{1CAC273B-F7D4-310C-9AE4-1C28B638F3B9}.RelWithDebInfo|Win32.Build.0 = RelWithDebInfo|Win32
		{4EE12F5C-398F-3A96-BA78-BA9EDA18317E}.Debug|Win32.ActiveCfg = Debug|Win32
		{4EE12F5C-398F-3A96-BA78-BA9EDA18317E}.Release|Win32.ActiveCfg = Release|Win32
		{4EE12F5C-398F-3A96-BA78-BA9EDA18317E}.MinSizeRel|Win32.ActiveCfg = MinSizeRel|Win32
		{4EE12F5C-398F-3A96-BA78-BA9EDA18317E}.RelWithDebInfo|Win32.ActiveCfg = RelWithDebInfo|Win32
		{EDAC91FE-2322-330D-8940-ACF932EF49A8}.Debug|Win32.ActiveCfg = Debug|Win32
		{EDAC91FE-2322-330D-8940-ACF932EF49A8}.Release|Win32.ActiveCfg = Release|Win32
		{EDAC91FE-2322-330D-8940-ACF932EF49A8}.MinSizeRel|Win32.ActiveCfg = MinSizeRel|Win32
		{EDAC91FE-2322-330D-8940-ACF932EF49A8}.RelWithDebInfo|Win32.ActiveCfg = RelWithDebInfo|Win32
		{3E53FD7F-98E4-3DB6-AD67-F3782B45B6D5}.Debug|Win32.ActiveCfg = Debug|Win32
		{3E53FD7F-98E4-3DB6-AD67-F3782B45B6D5}.Debug|Win32.Build.0 = Debug|Win32
		{3E53FD7F-98E4-3DB6-AD67-F3782B45B6D5}.Release|Win32.ActiveCfg = Release|Win32
		{3E53FD7F-98E4-3DB6-AD67-F3782B45B6D5}.Release|Win32.Build.0 = Release|Win32
		{3E53FD7F-98E4-3DB6-AD67-F3782B45B6D5}.MinSizeRel|Win32.ActiveCfg = MinSizeRel|Win32
		{3E53FD7F-98E4-3DB6-AD67-F3782B45B6D5}.MinSizeRel|Win32.Build.0 = MinSizeRel|Win32
		{3E53FD7F-98E4-3DB6-AD67-F3782B45B6D5}.RelWithDebInfo|Win32.ActiveCfg = RelWithDebInfo|Win32
		{3E53FD7F-98E4-3DB6-AD67-F3782B45B6D5}.RelWithDebInfo|Win32.Build.0 = RelWithDebInfo|Win32
	EndGlobalSection
	GlobalSection(ExtensibilityGlobals) = postSolution
		SolutionGuid = {1EA2DCFE-CC93-3D51-9964-A74542EC198B}
	EndGlobalSection
	GlobalSection(ExtensibilityAddIns) = postSolution
	EndGlobalSection
EndGlobal
