<?xml version="1.0" encoding="utf-8"?>
<Project ToolsVersion="12.0" xmlns="http://schemas.microsoft.com/developer/msbuild/2003">
  <ItemGroup>
    <ClCompile Include="F:\obs\obsLearn\obs-studio\libobs-d3d11\d3d11-indexbuffer.cpp">
      <Filter>Source Files</Filter>
    </ClCompile>
    <ClCompile Include="F:\obs\obsLearn\obs-studio\libobs-d3d11\d3d11-samplerstate.cpp">
      <Filter>Source Files</Filter>
    </ClCompile>
    <ClCompile Include="F:\obs\obsLearn\obs-studio\libobs-d3d11\d3d11-shader.cpp">
      <Filter>Source Files</Filter>
    </ClCompile>
    <ClCompile Include="F:\obs\obsLearn\obs-studio\libobs-d3d11\d3d11-shaderprocessor.cpp">
      <Filter>Source Files</Filter>
    </ClCompile>
    <ClCompile Include="F:\obs\obsLearn\obs-studio\libobs-d3d11\d3d11-stagesurf.cpp">
      <Filter>Source Files</Filter>
    </ClCompile>
    <ClCompile Include="F:\obs\obsLearn\obs-studio\libobs-d3d11\d3d11-subsystem.cpp">
      <Filter>Source Files</Filter>
    </ClCompile>
    <ClCompile Include="F:\obs\obsLearn\obs-studio\libobs-d3d11\d3d11-texture2d.cpp">
      <Filter>Source Files</Filter>
    </ClCompile>
    <ClCompile Include="F:\obs\obsLearn\obs-studio\libobs-d3d11\d3d11-vertexbuffer.cpp">
      <Filter>Source Files</Filter>
    </ClCompile>
    <ClCompile Include="F:\obs\obsLearn\obs-studio\libobs-d3d11\d3d11-duplicator.cpp">
      <Filter>Source Files</Filter>
    </ClCompile>
    <ClCompile Include="F:\obs\obsLearn\obs-studio\libobs-d3d11\d3d11-rebuild.cpp">
      <Filter>Source Files</Filter>
    </ClCompile>
    <ClCompile Include="F:\obs\obsLearn\obs-studio\libobs-d3d11\d3d11-zstencilbuffer.cpp">
      <Filter>Source Files</Filter>
    </ClCompile>
  </ItemGroup>
  <ItemGroup>
    <ClInclude Include="F:\obs\obsLearn\obs-studio\libobs-d3d11\d3d11-shaderprocessor.hpp">
      <Filter>Header Files</Filter>
    </ClInclude>
    <ClInclude Include="F:\obs\obsLearn\obs-studio\libobs-d3d11\d3d11-subsystem.hpp">
      <Filter>Header Files</Filter>
    </ClInclude>
  </ItemGroup>
  <ItemGroup>
    <CustomBuild Include="F:\obs\obsLearn\obs-studio\libobs-d3d11\CMakeLists.txt" />
  </ItemGroup>
  <ItemGroup>
    <Filter Include="Header Files">
      <UniqueIdentifier>{B5377544-C59E-356B-B1AD-0836A7F75365}</UniqueIdentifier>
    </Filter>
    <Filter Include="Source Files">
      <UniqueIdentifier>{38AE4957-671D-3F99-B646-A92D985FCC4F}</UniqueIdentifier>
    </Filter>
  </ItemGroup>
</Project>
