<?xml version="1.0" encoding="utf-8"?>
<Project ToolsVersion="12.0" xmlns="http://schemas.microsoft.com/developer/msbuild/2003">
  <ItemGroup>
    <ClCompile Include="F:\obs\obsLearn\obs-studio\plugins\win-mf\mf-plugin.cpp">
      <Filter>Source Files</Filter>
    </ClCompile>
    <ClCompile Include="F:\obs\obsLearn\obs-studio\plugins\win-mf\mf-aac.cpp">
      <Filter>Source Files</Filter>
    </ClCompile>
    <ClCompile Include="F:\obs\obsLearn\obs-studio\plugins\win-mf\mf-aac-encoder.cpp">
      <Filter>Source Files</Filter>
    </ClCompile>
    <ClCompile Include="F:\obs\obsLearn\obs-studio\plugins\win-mf\mf-common.cpp">
      <Filter>Source Files</Filter>
    </ClCompile>
    <ClCompile Include="F:\obs\obsLearn\obs-studio\plugins\win-mf\mf-encoder-descriptor.cpp">
      <Filter>Source Files</Filter>
    </ClCompile>
    <ClCompile Include="F:\obs\obsLearn\obs-studio\plugins\win-mf\mf-h264.cpp">
      <Filter>Source Files</Filter>
    </ClCompile>
    <ClCompile Include="F:\obs\obsLearn\obs-studio\plugins\win-mf\mf-h264-encoder.cpp">
      <Filter>Source Files</Filter>
    </ClCompile>
  </ItemGroup>
  <ItemGroup>
    <ClInclude Include="F:\obs\obsLearn\obs-studio\plugins\win-mf\mf-common.hpp">
      <Filter>Header Files</Filter>
    </ClInclude>
    <ClInclude Include="F:\obs\obsLearn\obs-studio\plugins\win-mf\mf-encoder-descriptor.hpp">
      <Filter>Header Files</Filter>
    </ClInclude>
    <ClInclude Include="F:\obs\obsLearn\obs-studio\plugins\win-mf\mf-aac-encoder.hpp">
      <Filter>Header Files</Filter>
    </ClInclude>
    <ClInclude Include="F:\obs\obsLearn\obs-studio\plugins\win-mf\mf-h264-encoder.hpp">
      <Filter>Header Files</Filter>
    </ClInclude>
  </ItemGroup>
  <ItemGroup>
    <CustomBuild Include="F:\obs\obsLearn\obs-studio\plugins\win-mf\CMakeLists.txt" />
  </ItemGroup>
  <ItemGroup>
    <Filter Include="Header Files">
      <UniqueIdentifier>{B5377544-C59E-356B-B1AD-0836A7F75365}</UniqueIdentifier>
    </Filter>
    <Filter Include="Source Files">
      <UniqueIdentifier>{38AE4957-671D-3F99-B646-A92D985FCC4F}</UniqueIdentifier>
    </Filter>
  </ItemGroup>
</Project>
