Microsoft Visual Studio Solution File, Format Version 12.00
# Visual Studio 2013
Project("{8BC9CEB8-8B4A-11D0-8D11-00A0C91BC942}") = "ALL_BUILD", "ALL_BUILD.vcxproj", "{1CAC273B-F7D4-310C-9AE4-1C28B638F3B9}"
	ProjectSection(ProjectDependencies) = postProject
		{3E53FD7F-98E4-3DB6-AD67-F3782B45B6D5} = {3E53FD7F-98E4-3DB6-AD67-F3782B45B6D5}
		{22F0E367-9A09-354D-81B9-3B9FE3432F29} = {22F0E367-9A09-354D-81B9-3B9FE3432F29}
		{F8EE3779-4083-3B99-A982-D86999FC6BE7} = {F8EE3779-4083-3B99-A982-D86999FC6BE7}
		{7AA6F6DC-0F30-34C8-BB6C-047494CFBE52} = {7AA6F6DC-0F30-34C8-BB6C-047494CFBE52}
		{A360DA43-1AB3-366A-872A-96A4E24A2EB4} = {A360DA43-1AB3-366A-872A-96A4E24A2EB4}
	EndProjectSection
EndProject
Project("{8BC9CEB8-8B4A-11D0-8D11-00A0C91BC942}") = "INSTALL", "INSTALL.vcxproj", "{4EE12F5C-398F-3A96-BA78-BA9EDA18317E}"
	ProjectSection(ProjectDependencies) = postProject
		{1CAC273B-F7D4-310C-9AE4-1C28B638F3B9} = {1CAC273B-F7D4-310C-9AE4-1C28B638F3B9}
		{3E53FD7F-98E4-3DB6-AD67-F3782B45B6D5} = {3E53FD7F-98E4-3DB6-AD67-F3782B45B6D5}
	EndProjectSection
EndProject
Project("{8BC9CEB8-8B4A-11D0-8D11-00A0C91BC942}") = "PACKAGE", "PACKAGE.vcxproj", "{EDAC91FE-2322-330D-8940-ACF932EF49A8}"
	ProjectSection(ProjectDependencies) = postProject
		{1CAC273B-F7D4-310C-9AE4-1C28B638F3B9} = {1CAC273B-F7D4-310C-9AE4-1C28B638F3B9}
		{3E53FD7F-98E4-3DB6-AD67-F3782B45B6D5} = {3E53FD7F-98E4-3DB6-AD67-F3782B45B6D5}
	EndProjectSection
EndProject
Project("{8BC9CEB8-8B4A-11D0-8D11-00A0C91BC942}") = "ZERO_CHECK", "..\..\\ZERO_CHECK.vcxproj", "{3E53FD7F-98E4-3DB6-AD67-F3782B45B6D5}"
	ProjectSection(ProjectDependencies) = postProject
	EndProjectSection
EndProject
Project("{8BC9CEB8-8B4A-11D0-8D11-00A0C91BC942}") = "get-graphics-offsets", "get-graphics-offsets\get-graphics-offsets.vcxproj", "{22F0E367-9A09-354D-81B9-3B9FE3432F29}"
	ProjectSection(ProjectDependencies) = postProject
		{3E53FD7F-98E4-3DB6-AD67-F3782B45B6D5} = {3E53FD7F-98E4-3DB6-AD67-F3782B45B6D5}
	EndProjectSection
EndProject
Project("{8BC9CEB8-8B4A-11D0-8D11-00A0C91BC942}") = "graphics-hook", "graphics-hook\graphics-hook.vcxproj", "{F8EE3779-4083-3B99-A982-D86999FC6BE7}"
	ProjectSection(ProjectDependencies) = postProject
		{3E53FD7F-98E4-3DB6-AD67-F3782B45B6D5} = {3E53FD7F-98E4-3DB6-AD67-F3782B45B6D5}
		{44DAEC78-BF66-3949-92CE-1D05DC4180B1} = {44DAEC78-BF66-3949-92CE-1D05DC4180B1}
	EndProjectSection
EndProject
Project("{8BC9CEB8-8B4A-11D0-8D11-00A0C91BC942}") = "inject-helper", "inject-helper\inject-helper.vcxproj", "{7AA6F6DC-0F30-34C8-BB6C-047494CFBE52}"
	ProjectSection(ProjectDependencies) = postProject
		{3E53FD7F-98E4-3DB6-AD67-F3782B45B6D5} = {3E53FD7F-98E4-3DB6-AD67-F3782B45B6D5}
	EndProjectSection
EndProject
Project("{8BC9CEB8-8B4A-11D0-8D11-00A0C91BC942}") = "ipc-util", "..\..\deps\ipc-util\ipc-util.vcxproj", "{44DAEC78-BF66-3949-92CE-1D05DC4180B1}"
	ProjectSection(ProjectDependencies) = postProject
		{3E53FD7F-98E4-3DB6-AD67-F3782B45B6D5} = {3E53FD7F-98E4-3DB6-AD67-F3782B45B6D5}
	EndProjectSection
EndProject
Project("{8BC9CEB8-8B4A-11D0-8D11-00A0C91BC942}") = "jansson", "..\..\deps\jansson\jansson.vcxproj", "{99DF0EB6-8467-3C4A-8E11-56892D9E472E}"
	ProjectSection(ProjectDependencies) = postProject
		{3E53FD7F-98E4-3DB6-AD67-F3782B45B6D5} = {3E53FD7F-98E4-3DB6-AD67-F3782B45B6D5}
	EndProjectSection
EndProject
Project("{8BC9CEB8-8B4A-11D0-8D11-00A0C91BC942}") = "libobs", "..\..\libobs\libobs.vcxproj", "{A4D48584-D583-380E-BABB-704433EF9FA1}"
	ProjectSection(ProjectDependencies) = postProject
		{3E53FD7F-98E4-3DB6-AD67-F3782B45B6D5} = {3E53FD7F-98E4-3DB6-AD67-F3782B45B6D5}
		{99DF0EB6-8467-3C4A-8E11-56892D9E472E} = {99DF0EB6-8467-3C4A-8E11-56892D9E472E}
		{BFA96ED5-3CB2-34E2-BE59-DDB1DACD3E30} = {BFA96ED5-3CB2-34E2-BE59-DDB1DACD3E30}
	EndProjectSection
EndProject
Project("{8BC9CEB8-8B4A-11D0-8D11-00A0C91BC942}") = "w32-pthreads", "..\..\deps\w32-pthreads\w32-pthreads.vcxproj", "{BFA96ED5-3CB2-34E2-BE59-DDB1DACD3E30}"
	ProjectSection(ProjectDependencies) = postProject
		{3E53FD7F-98E4-3DB6-AD67-F3782B45B6D5} = {3E53FD7F-98E4-3DB6-AD67-F3782B45B6D5}
	EndProjectSection
EndProject
Project("{8BC9CEB8-8B4A-11D0-8D11-00A0C91BC942}") = "win-capture", "win-capture.vcxproj", "{A360DA43-1AB3-366A-872A-96A4E24A2EB4}"
	ProjectSection(ProjectDependencies) = postProject
		{3E53FD7F-98E4-3DB6-AD67-F3782B45B6D5} = {3E53FD7F-98E4-3DB6-AD67-F3782B45B6D5}
		{44DAEC78-BF66-3949-92CE-1D05DC4180B1} = {44DAEC78-BF66-3949-92CE-1D05DC4180B1}
		{A4D48584-D583-380E-BABB-704433EF9FA1} = {A4D48584-D583-380E-BABB-704433EF9FA1}
	EndProjectSection
EndProject
Global
	GlobalSection(SolutionConfigurationPlatforms) = preSolution
		Debug|Win32 = Debug|Win32
		Release|Win32 = Release|Win32
		MinSizeRel|Win32 = MinSizeRel|Win32
		RelWithDebInfo|Win32 = RelWithDebInfo|Win32
	EndGlobalSection
	GlobalSection(ProjectConfigurationPlatforms) = postSolution
		{1CAC273B-F7D4-310C-9AE4-1C28B638F3B9}.Debug|Win32.ActiveCfg = Debug|Win32
		{1CAC273B-F7D4-310C-9AE4-1C28B638F3B9}.Debug|Win32.Build.0 = Debug|Win32
		{1CAC273B-F7D4-310C-9AE4-1C28B638F3B9}.Release|Win32.ActiveCfg = Release|Win32
		{1CAC273B-F7D4-310C-9AE4-1C28B638F3B9}.Release|Win32.Build.0 = Release|Win32
		{1CAC273B-F7D4-310C-9AE4-1C28B638F3B9}.MinSizeRel|Win32.ActiveCfg = MinSizeRel|Win32
		{1CAC273B-F7D4-310C-9AE4-1C28B638F3B9}.MinSizeRel|Win32.Build.0 = MinSizeRel|Win32
		{1CAC273B-F7D4-310C-9AE4-1C28B638F3B9}.RelWithDebInfo|Win32.ActiveCfg = RelWithDebInfo|Win32
		{1CAC273B-F7D4-310C-9AE4-1C28B638F3B9}.RelWithDebInfo|Win32.Build.0 = RelWithDebInfo|Win32
		{4EE12F5C-398F-3A96-BA78-BA9EDA18317E}.Debug|Win32.ActiveCfg = Debug|Win32
		{4EE12F5C-398F-3A96-BA78-BA9EDA18317E}.Release|Win32.ActiveCfg = Release|Win32
		{4EE12F5C-398F-3A96-BA78-BA9EDA18317E}.MinSizeRel|Win32.ActiveCfg = MinSizeRel|Win32
		{4EE12F5C-398F-3A96-BA78-BA9EDA18317E}.RelWithDebInfo|Win32.ActiveCfg = RelWithDebInfo|Win32
		{EDAC91FE-2322-330D-8940-ACF932EF49A8}.Debug|Win32.ActiveCfg = Debug|Win32
		{EDAC91FE-2322-330D-8940-ACF932EF49A8}.Release|Win32.ActiveCfg = Release|Win32
		{EDAC91FE-2322-330D-8940-ACF932EF49A8}.MinSizeRel|Win32.ActiveCfg = MinSizeRel|Win32
		{EDAC91FE-2322-330D-8940-ACF932EF49A8}.RelWithDebInfo|Win32.ActiveCfg = RelWithDebInfo|Win32
		{3E53FD7F-98E4-3DB6-AD67-F3782B45B6D5}.Debug|Win32.ActiveCfg = Debug|Win32
		{3E53FD7F-98E4-3DB6-AD67-F3782B45B6D5}.Debug|Win32.Build.0 = Debug|Win32
		{3E53FD7F-98E4-3DB6-AD67-F3782B45B6D5}.Release|Win32.ActiveCfg = Release|Win32
		{3E53FD7F-98E4-3DB6-AD67-F3782B45B6D5}.Release|Win32.Build.0 = Release|Win32
		{3E53FD7F-98E4-3DB6-AD67-F3782B45B6D5}.MinSizeRel|Win32.ActiveCfg = MinSizeRel|Win32
		{3E53FD7F-98E4-3DB6-AD67-F3782B45B6D5}.MinSizeRel|Win32.Build.0 = MinSizeRel|Win32
		{3E53FD7F-98E4-3DB6-AD67-F3782B45B6D5}.RelWithDebInfo|Win32.ActiveCfg = RelWithDebInfo|Win32
		{3E53FD7F-98E4-3DB6-AD67-F3782B45B6D5}.RelWithDebInfo|Win32.Build.0 = RelWithDebInfo|Win32
		{22F0E367-9A09-354D-81B9-3B9FE3432F29}.Debug|Win32.ActiveCfg = Debug|Win32
		{22F0E367-9A09-354D-81B9-3B9FE3432F29}.Debug|Win32.Build.0 = Debug|Win32
		{22F0E367-9A09-354D-81B9-3B9FE3432F29}.Release|Win32.ActiveCfg = Release|Win32
		{22F0E367-9A09-354D-81B9-3B9FE3432F29}.Release|Win32.Build.0 = Release|Win32
		{22F0E367-9A09-354D-81B9-3B9FE3432F29}.MinSizeRel|Win32.ActiveCfg = MinSizeRel|Win32
		{22F0E367-9A09-354D-81B9-3B9FE3432F29}.MinSizeRel|Win32.Build.0 = MinSizeRel|Win32
		{22F0E367-9A09-354D-81B9-3B9FE3432F29}.RelWithDebInfo|Win32.ActiveCfg = RelWithDebInfo|Win32
		{22F0E367-9A09-354D-81B9-3B9FE3432F29}.RelWithDebInfo|Win32.Build.0 = RelWithDebInfo|Win32
		{F8EE3779-4083-3B99-A982-D86999FC6BE7}.Debug|Win32.ActiveCfg = Debug|Win32
		{F8EE3779-4083-3B99-A982-D86999FC6BE7}.Debug|Win32.Build.0 = Debug|Win32
		{F8EE3779-4083-3B99-A982-D86999FC6BE7}.Release|Win32.ActiveCfg = Release|Win32
		{F8EE3779-4083-3B99-A982-D86999FC6BE7}.Release|Win32.Build.0 = Release|Win32
		{F8EE3779-4083-3B99-A982-D86999FC6BE7}.MinSizeRel|Win32.ActiveCfg = MinSizeRel|Win32
		{F8EE3779-4083-3B99-A982-D86999FC6BE7}.MinSizeRel|Win32.Build.0 = MinSizeRel|Win32
		{F8EE3779-4083-3B99-A982-D86999FC6BE7}.RelWithDebInfo|Win32.ActiveCfg = RelWithDebInfo|Win32
		{F8EE3779-4083-3B99-A982-D86999FC6BE7}.RelWithDebInfo|Win32.Build.0 = RelWithDebInfo|Win32
		{7AA6F6DC-0F30-34C8-BB6C-047494CFBE52}.Debug|Win32.ActiveCfg = Debug|Win32
		{7AA6F6DC-0F30-34C8-BB6C-047494CFBE52}.Debug|Win32.Build.0 = Debug|Win32
		{7AA6F6DC-0F30-34C8-BB6C-047494CFBE52}.Release|Win32.ActiveCfg = Release|Win32
		{7AA6F6DC-0F30-34C8-BB6C-047494CFBE52}.Release|Win32.Build.0 = Release|Win32
		{7AA6F6DC-0F30-34C8-BB6C-047494CFBE52}.MinSizeRel|Win32.ActiveCfg = MinSizeRel|Win32
		{7AA6F6DC-0F30-34C8-BB6C-047494CFBE52}.MinSizeRel|Win32.Build.0 = MinSizeRel|Win32
		{7AA6F6DC-0F30-34C8-BB6C-047494CFBE52}.RelWithDebInfo|Win32.ActiveCfg = RelWithDebInfo|Win32
		{7AA6F6DC-0F30-34C8-BB6C-047494CFBE52}.RelWithDebInfo|Win32.Build.0 = RelWithDebInfo|Win32
		{44DAEC78-BF66-3949-92CE-1D05DC4180B1}.Debug|Win32.ActiveCfg = Debug|Win32
		{44DAEC78-BF66-3949-92CE-1D05DC4180B1}.Debug|Win32.Build.0 = Debug|Win32
		{44DAEC78-BF66-3949-92CE-1D05DC4180B1}.Release|Win32.ActiveCfg = Release|Win32
		{44DAEC78-BF66-3949-92CE-1D05DC4180B1}.Release|Win32.Build.0 = Release|Win32
		{44DAEC78-BF66-3949-92CE-1D05DC4180B1}.MinSizeRel|Win32.ActiveCfg = MinSizeRel|Win32
		{44DAEC78-BF66-3949-92CE-1D05DC4180B1}.MinSizeRel|Win32.Build.0 = MinSizeRel|Win32
		{44DAEC78-BF66-3949-92CE-1D05DC4180B1}.RelWithDebInfo|Win32.ActiveCfg = RelWithDebInfo|Win32
		{44DAEC78-BF66-3949-92CE-1D05DC4180B1}.RelWithDebInfo|Win32.Build.0 = RelWithDebInfo|Win32
		{99DF0EB6-8467-3C4A-8E11-56892D9E472E}.Debug|Win32.ActiveCfg = Debug|Win32
		{99DF0EB6-8467-3C4A-8E11-56892D9E472E}.Debug|Win32.Build.0 = Debug|Win32
		{99DF0EB6-8467-3C4A-8E11-56892D9E472E}.Release|Win32.ActiveCfg = Release|Win32
		{99DF0EB6-8467-3C4A-8E11-56892D9E472E}.Release|Win32.Build.0 = Release|Win32
		{99DF0EB6-8467-3C4A-8E11-56892D9E472E}.MinSizeRel|Win32.ActiveCfg = MinSizeRel|Win32
		{99DF0EB6-8467-3C4A-8E11-56892D9E472E}.MinSizeRel|Win32.Build.0 = MinSizeRel|Win32
		{99DF0EB6-8467-3C4A-8E11-56892D9E472E}.RelWithDebInfo|Win32.ActiveCfg = RelWithDebInfo|Win32
		{99DF0EB6-8467-3C4A-8E11-56892D9E472E}.RelWithDebInfo|Win32.Build.0 = RelWithDebInfo|Win32
		{A4D48584-D583-380E-BABB-704433EF9FA1}.Debug|Win32.ActiveCfg = Debug|Win32
		{A4D48584-D583-380E-BABB-704433EF9FA1}.Debug|Win32.Build.0 = Debug|Win32
		{A4D48584-D583-380E-BABB-704433EF9FA1}.Release|Win32.ActiveCfg = Release|Win32
		{A4D48584-D583-380E-BABB-704433EF9FA1}.Release|Win32.Build.0 = Release|Win32
		{A4D48584-D583-380E-BABB-704433EF9FA1}.MinSizeRel|Win32.ActiveCfg = MinSizeRel|Win32
		{A4D48584-D583-380E-BABB-704433EF9FA1}.MinSizeRel|Win32.Build.0 = MinSizeRel|Win32
		{A4D48584-D583-380E-BABB-704433EF9FA1}.RelWithDebInfo|Win32.ActiveCfg = RelWithDebInfo|Win32
		{A4D48584-D583-380E-BABB-704433EF9FA1}.RelWithDebInfo|Win32.Build.0 = RelWithDebInfo|Win32
		{BFA96ED5-3CB2-34E2-BE59-DDB1DACD3E30}.Debug|Win32.ActiveCfg = Debug|Win32
		{BFA96ED5-3CB2-34E2-BE59-DDB1DACD3E30}.Debug|Win32.Build.0 = Debug|Win32
		{BFA96ED5-3CB2-34E2-BE59-DDB1DACD3E30}.Release|Win32.ActiveCfg = Release|Win32
		{BFA96ED5-3CB2-34E2-BE59-DDB1DACD3E30}.Release|Win32.Build.0 = Release|Win32
		{BFA96ED5-3CB2-34E2-BE59-DDB1DACD3E30}.MinSizeRel|Win32.ActiveCfg = MinSizeRel|Win32
		{BFA96ED5-3CB2-34E2-BE59-DDB1DACD3E30}.MinSizeRel|Win32.Build.0 = MinSizeRel|Win32
		{BFA96ED5-3CB2-34E2-BE59-DDB1DACD3E30}.RelWithDebInfo|Win32.ActiveCfg = RelWithDebInfo|Win32
		{BFA96ED5-3CB2-34E2-BE59-DDB1DACD3E30}.RelWithDebInfo|Win32.Build.0 = RelWithDebInfo|Win32
		{A360DA43-1AB3-366A-872A-96A4E24A2EB4}.Debug|Win32.ActiveCfg = Debug|Win32
		{A360DA43-1AB3-366A-872A-96A4E24A2EB4}.Debug|Win32.Build.0 = Debug|Win32
		{A360DA43-1AB3-366A-872A-96A4E24A2EB4}.Release|Win32.ActiveCfg = Release|Win32
		{A360DA43-1AB3-366A-872A-96A4E24A2EB4}.Release|Win32.Build.0 = Release|Win32
		{A360DA43-1AB3-366A-872A-96A4E24A2EB4}.MinSizeRel|Win32.ActiveCfg = MinSizeRel|Win32
		{A360DA43-1AB3-366A-872A-96A4E24A2EB4}.MinSizeRel|Win32.Build.0 = MinSizeRel|Win32
		{A360DA43-1AB3-366A-872A-96A4E24A2EB4}.RelWithDebInfo|Win32.ActiveCfg = RelWithDebInfo|Win32
		{A360DA43-1AB3-366A-872A-96A4E24A2EB4}.RelWithDebInfo|Win32.Build.0 = RelWithDebInfo|Win32
	EndGlobalSection
	GlobalSection(ExtensibilityGlobals) = postSolution
		SolutionGuid = {0FC7690A-2A87-372A-B613-53440273706F}
	EndGlobalSection
	GlobalSection(ExtensibilityAddIns) = postSolution
	EndGlobalSection
EndGlobal
