Microsoft Visual Studio Solution File, Format Version 12.00
# Visual Studio 2013
Project("{8BC9CEB8-8B4A-11D0-8D11-00A0C91BC942}") = "ALL_BUILD", "ALL_BUILD.vcxproj", "{1CAC273B-F7D4-310C-9AE4-1C28B638F3B9}"
	ProjectSection(ProjectDependencies) = postProject
		{3E53FD7F-98E4-3DB6-AD67-F3782B45B6D5} = {3E53FD7F-98E4-3DB6-AD67-F3782B45B6D5}
		{72C40EE4-2DD9-31A0-A4B4-569775623921} = {72C40EE4-2DD9-31A0-A4B4-569775623921}
		{50FDEF31-F5B4-3679-AF6F-F8A8C398CB4F} = {50FDEF31-F5B4-3679-AF6F-F8A8C398CB4F}
		{3150E7DC-43F4-35EE-9F66-1CBCBD634401} = {3150E7DC-43F4-35EE-9F66-1CBCBD634401}
	EndProjectSection
EndProject
Project("{8BC9CEB8-8B4A-11D0-8D11-00A0C91BC942}") = "INSTALL", "INSTALL.vcxproj", "{4EE12F5C-398F-3A96-BA78-BA9EDA18317E}"
	ProjectSection(ProjectDependencies) = postProject
		{1CAC273B-F7D4-310C-9AE4-1C28B638F3B9} = {1CAC273B-F7D4-310C-9AE4-1C28B638F3B9}
		{3E53FD7F-98E4-3DB6-AD67-F3782B45B6D5} = {3E53FD7F-98E4-3DB6-AD67-F3782B45B6D5}
	EndProjectSection
EndProject
Project("{8BC9CEB8-8B4A-11D0-8D11-00A0C91BC942}") = "PACKAGE", "PACKAGE.vcxproj", "{EDAC91FE-2322-330D-8940-ACF932EF49A8}"
	ProjectSection(ProjectDependencies) = postProject
		{1CAC273B-F7D4-310C-9AE4-1C28B638F3B9} = {1CAC273B-F7D4-310C-9AE4-1C28B638F3B9}
		{3E53FD7F-98E4-3DB6-AD67-F3782B45B6D5} = {3E53FD7F-98E4-3DB6-AD67-F3782B45B6D5}
	EndProjectSection
EndProject
Project("{8BC9CEB8-8B4A-11D0-8D11-00A0C91BC942}") = "ZERO_CHECK", "..\\ZERO_CHECK.vcxproj", "{3E53FD7F-98E4-3DB6-AD67-F3782B45B6D5}"
	ProjectSection(ProjectDependencies) = postProject
	EndProjectSection
EndProject
Project("{8BC9CEB8-8B4A-11D0-8D11-00A0C91BC942}") = "blake2", "..\deps\blake2\blake2.vcxproj", "{7BF19190-AB7B-32E6-A149-71F286BB9A1B}"
	ProjectSection(ProjectDependencies) = postProject
		{3E53FD7F-98E4-3DB6-AD67-F3782B45B6D5} = {3E53FD7F-98E4-3DB6-AD67-F3782B45B6D5}
	EndProjectSection
EndProject
Project("{8BC9CEB8-8B4A-11D0-8D11-00A0C91BC942}") = "frontend-tools", "frontend-plugins\frontend-tools\frontend-tools.vcxproj", "{72C40EE4-2DD9-31A0-A4B4-569775623921}"
	ProjectSection(ProjectDependencies) = postProject
		{3E53FD7F-98E4-3DB6-AD67-F3782B45B6D5} = {3E53FD7F-98E4-3DB6-AD67-F3782B45B6D5}
		{A4D48584-D583-380E-BABB-704433EF9FA1} = {A4D48584-D583-380E-BABB-704433EF9FA1}
		{3150E7DC-43F4-35EE-9F66-1CBCBD634401} = {3150E7DC-43F4-35EE-9F66-1CBCBD634401}
	EndProjectSection
EndProject
Project("{8BC9CEB8-8B4A-11D0-8D11-00A0C91BC942}") = "jansson", "..\deps\jansson\jansson.vcxproj", "{99DF0EB6-8467-3C4A-8E11-56892D9E472E}"
	ProjectSection(ProjectDependencies) = postProject
		{3E53FD7F-98E4-3DB6-AD67-F3782B45B6D5} = {3E53FD7F-98E4-3DB6-AD67-F3782B45B6D5}
	EndProjectSection
EndProject
Project("{8BC9CEB8-8B4A-11D0-8D11-00A0C91BC942}") = "libobs", "..\libobs\libobs.vcxproj", "{A4D48584-D583-380E-BABB-704433EF9FA1}"
	ProjectSection(ProjectDependencies) = postProject
		{3E53FD7F-98E4-3DB6-AD67-F3782B45B6D5} = {3E53FD7F-98E4-3DB6-AD67-F3782B45B6D5}
		{99DF0EB6-8467-3C4A-8E11-56892D9E472E} = {99DF0EB6-8467-3C4A-8E11-56892D9E472E}
		{BFA96ED5-3CB2-34E2-BE59-DDB1DACD3E30} = {BFA96ED5-3CB2-34E2-BE59-DDB1DACD3E30}
	EndProjectSection
EndProject
Project("{8BC9CEB8-8B4A-11D0-8D11-00A0C91BC942}") = "obs", "obs.vcxproj", "{50FDEF31-F5B4-3679-AF6F-F8A8C398CB4F}"
	ProjectSection(ProjectDependencies) = postProject
		{3E53FD7F-98E4-3DB6-AD67-F3782B45B6D5} = {3E53FD7F-98E4-3DB6-AD67-F3782B45B6D5}
		{7BF19190-AB7B-32E6-A149-71F286BB9A1B} = {7BF19190-AB7B-32E6-A149-71F286BB9A1B}
		{99DF0EB6-8467-3C4A-8E11-56892D9E472E} = {99DF0EB6-8467-3C4A-8E11-56892D9E472E}
		{A4D48584-D583-380E-BABB-704433EF9FA1} = {A4D48584-D583-380E-BABB-704433EF9FA1}
		{3150E7DC-43F4-35EE-9F66-1CBCBD634401} = {3150E7DC-43F4-35EE-9F66-1CBCBD634401}
	EndProjectSection
EndProject
Project("{8BC9CEB8-8B4A-11D0-8D11-00A0C91BC942}") = "obs-frontend-api", "obs-frontend-api\obs-frontend-api.vcxproj", "{3150E7DC-43F4-35EE-9F66-1CBCBD634401}"
	ProjectSection(ProjectDependencies) = postProject
		{3E53FD7F-98E4-3DB6-AD67-F3782B45B6D5} = {3E53FD7F-98E4-3DB6-AD67-F3782B45B6D5}
		{A4D48584-D583-380E-BABB-704433EF9FA1} = {A4D48584-D583-380E-BABB-704433EF9FA1}
	EndProjectSection
EndProject
Project("{8BC9CEB8-8B4A-11D0-8D11-00A0C91BC942}") = "w32-pthreads", "..\deps\w32-pthreads\w32-pthreads.vcxproj", "{BFA96ED5-3CB2-34E2-BE59-DDB1DACD3E30}"
	ProjectSection(ProjectDependencies) = postProject
		{3E53FD7F-98E4-3DB6-AD67-F3782B45B6D5} = {3E53FD7F-98E4-3DB6-AD67-F3782B45B6D5}
	EndProjectSection
EndProject
Global
	GlobalSection(SolutionConfigurationPlatforms) = preSolution
		Debug|Win32 = Debug|Win32
		Release|Win32 = Release|Win32
		MinSizeRel|Win32 = MinSizeRel|Win32
		RelWithDebInfo|Win32 = RelWithDebInfo|Win32
	EndGlobalSection
	GlobalSection(ProjectConfigurationPlatforms) = postSolution
		{1CAC273B-F7D4-310C-9AE4-1C28B638F3B9}.Debug|Win32.ActiveCfg = Debug|Win32
		{1CAC273B-F7D4-310C-9AE4-1C28B638F3B9}.Debug|Win32.Build.0 = Debug|Win32
		{1CAC273B-F7D4-310C-9AE4-1C28B638F3B9}.Release|Win32.ActiveCfg = Release|Win32
		{1CAC273B-F7D4-310C-9AE4-1C28B638F3B9}.Release|Win32.Build.0 = Release|Win32
		{1CAC273B-F7D4-310C-9AE4-1C28B638F3B9}.MinSizeRel|Win32.ActiveCfg = MinSizeRel|Win32
		{1CAC273B-F7D4-310C-9AE4-1C28B638F3B9}.MinSizeRel|Win32.Build.0 = MinSizeRel|Win32
		{1CAC273B-F7D4-310C-9AE4-1C28B638F3B9}.RelWithDebInfo|Win32.ActiveCfg = RelWithDebInfo|Win32
		{1CAC273B-F7D4-310C-9AE4-1C28B638F3B9}.RelWithDebInfo|Win32.Build.0 = RelWithDebInfo|Win32
		{4EE12F5C-398F-3A96-BA78-BA9EDA18317E}.Debug|Win32.ActiveCfg = Debug|Win32
		{4EE12F5C-398F-3A96-BA78-BA9EDA18317E}.Release|Win32.ActiveCfg = Release|Win32
		{4EE12F5C-398F-3A96-BA78-BA9EDA18317E}.MinSizeRel|Win32.ActiveCfg = MinSizeRel|Win32
		{4EE12F5C-398F-3A96-BA78-BA9EDA18317E}.RelWithDebInfo|Win32.ActiveCfg = RelWithDebInfo|Win32
		{EDAC91FE-2322-330D-8940-ACF932EF49A8}.Debug|Win32.ActiveCfg = Debug|Win32
		{EDAC91FE-2322-330D-8940-ACF932EF49A8}.Release|Win32.ActiveCfg = Release|Win32
		{EDAC91FE-2322-330D-8940-ACF932EF49A8}.MinSizeRel|Win32.ActiveCfg = MinSizeRel|Win32
		{EDAC91FE-2322-330D-8940-ACF932EF49A8}.RelWithDebInfo|Win32.ActiveCfg = RelWithDebInfo|Win32
		{3E53FD7F-98E4-3DB6-AD67-F3782B45B6D5}.Debug|Win32.ActiveCfg = Debug|Win32
		{3E53FD7F-98E4-3DB6-AD67-F3782B45B6D5}.Debug|Win32.Build.0 = Debug|Win32
		{3E53FD7F-98E4-3DB6-AD67-F3782B45B6D5}.Release|Win32.ActiveCfg = Release|Win32
		{3E53FD7F-98E4-3DB6-AD67-F3782B45B6D5}.Release|Win32.Build.0 = Release|Win32
		{3E53FD7F-98E4-3DB6-AD67-F3782B45B6D5}.MinSizeRel|Win32.ActiveCfg = MinSizeRel|Win32
		{3E53FD7F-98E4-3DB6-AD67-F3782B45B6D5}.MinSizeRel|Win32.Build.0 = MinSizeRel|Win32
		{3E53FD7F-98E4-3DB6-AD67-F3782B45B6D5}.RelWithDebInfo|Win32.ActiveCfg = RelWithDebInfo|Win32
		{3E53FD7F-98E4-3DB6-AD67-F3782B45B6D5}.RelWithDebInfo|Win32.Build.0 = RelWithDebInfo|Win32
		{7BF19190-AB7B-32E6-A149-71F286BB9A1B}.Debug|Win32.ActiveCfg = Debug|Win32
		{7BF19190-AB7B-32E6-A149-71F286BB9A1B}.Debug|Win32.Build.0 = Debug|Win32
		{7BF19190-AB7B-32E6-A149-71F286BB9A1B}.Release|Win32.ActiveCfg = Release|Win32
		{7BF19190-AB7B-32E6-A149-71F286BB9A1B}.Release|Win32.Build.0 = Release|Win32
		{7BF19190-AB7B-32E6-A149-71F286BB9A1B}.MinSizeRel|Win32.ActiveCfg = MinSizeRel|Win32
		{7BF19190-AB7B-32E6-A149-71F286BB9A1B}.MinSizeRel|Win32.Build.0 = MinSizeRel|Win32
		{7BF19190-AB7B-32E6-A149-71F286BB9A1B}.RelWithDebInfo|Win32.ActiveCfg = RelWithDebInfo|Win32
		{7BF19190-AB7B-32E6-A149-71F286BB9A1B}.RelWithDebInfo|Win32.Build.0 = RelWithDebInfo|Win32
		{72C40EE4-2DD9-31A0-A4B4-569775623921}.Debug|Win32.ActiveCfg = Debug|Win32
		{72C40EE4-2DD9-31A0-A4B4-569775623921}.Debug|Win32.Build.0 = Debug|Win32
		{72C40EE4-2DD9-31A0-A4B4-569775623921}.Release|Win32.ActiveCfg = Release|Win32
		{72C40EE4-2DD9-31A0-A4B4-569775623921}.Release|Win32.Build.0 = Release|Win32
		{72C40EE4-2DD9-31A0-A4B4-569775623921}.MinSizeRel|Win32.ActiveCfg = MinSizeRel|Win32
		{72C40EE4-2DD9-31A0-A4B4-569775623921}.MinSizeRel|Win32.Build.0 = MinSizeRel|Win32
		{72C40EE4-2DD9-31A0-A4B4-569775623921}.RelWithDebInfo|Win32.ActiveCfg = RelWithDebInfo|Win32
		{72C40EE4-2DD9-31A0-A4B4-569775623921}.RelWithDebInfo|Win32.Build.0 = RelWithDebInfo|Win32
		{99DF0EB6-8467-3C4A-8E11-56892D9E472E}.Debug|Win32.ActiveCfg = Debug|Win32
		{99DF0EB6-8467-3C4A-8E11-56892D9E472E}.Debug|Win32.Build.0 = Debug|Win32
		{99DF0EB6-8467-3C4A-8E11-56892D9E472E}.Release|Win32.ActiveCfg = Release|Win32
		{99DF0EB6-8467-3C4A-8E11-56892D9E472E}.Release|Win32.Build.0 = Release|Win32
		{99DF0EB6-8467-3C4A-8E11-56892D9E472E}.MinSizeRel|Win32.ActiveCfg = MinSizeRel|Win32
		{99DF0EB6-8467-3C4A-8E11-56892D9E472E}.MinSizeRel|Win32.Build.0 = MinSizeRel|Win32
		{99DF0EB6-8467-3C4A-8E11-56892D9E472E}.RelWithDebInfo|Win32.ActiveCfg = RelWithDebInfo|Win32
		{99DF0EB6-8467-3C4A-8E11-56892D9E472E}.RelWithDebInfo|Win32.Build.0 = RelWithDebInfo|Win32
		{A4D48584-D583-380E-BABB-704433EF9FA1}.Debug|Win32.ActiveCfg = Debug|Win32
		{A4D48584-D583-380E-BABB-704433EF9FA1}.Debug|Win32.Build.0 = Debug|Win32
		{A4D48584-D583-380E-BABB-704433EF9FA1}.Release|Win32.ActiveCfg = Release|Win32
		{A4D48584-D583-380E-BABB-704433EF9FA1}.Release|Win32.Build.0 = Release|Win32
		{A4D48584-D583-380E-BABB-704433EF9FA1}.MinSizeRel|Win32.ActiveCfg = MinSizeRel|Win32
		{A4D48584-D583-380E-BABB-704433EF9FA1}.MinSizeRel|Win32.Build.0 = MinSizeRel|Win32
		{A4D48584-D583-380E-BABB-704433EF9FA1}.RelWithDebInfo|Win32.ActiveCfg = RelWithDebInfo|Win32
		{A4D48584-D583-380E-BABB-704433EF9FA1}.RelWithDebInfo|Win32.Build.0 = RelWithDebInfo|Win32
		{50FDEF31-F5B4-3679-AF6F-F8A8C398CB4F}.Debug|Win32.ActiveCfg = Debug|Win32
		{50FDEF31-F5B4-3679-AF6F-F8A8C398CB4F}.Debug|Win32.Build.0 = Debug|Win32
		{50FDEF31-F5B4-3679-AF6F-F8A8C398CB4F}.Release|Win32.ActiveCfg = Release|Win32
		{50FDEF31-F5B4-3679-AF6F-F8A8C398CB4F}.Release|Win32.Build.0 = Release|Win32
		{50FDEF31-F5B4-3679-AF6F-F8A8C398CB4F}.MinSizeRel|Win32.ActiveCfg = MinSizeRel|Win32
		{50FDEF31-F5B4-3679-AF6F-F8A8C398CB4F}.MinSizeRel|Win32.Build.0 = MinSizeRel|Win32
		{50FDEF31-F5B4-3679-AF6F-F8A8C398CB4F}.RelWithDebInfo|Win32.ActiveCfg = RelWithDebInfo|Win32
		{50FDEF31-F5B4-3679-AF6F-F8A8C398CB4F}.RelWithDebInfo|Win32.Build.0 = RelWithDebInfo|Win32
		{3150E7DC-43F4-35EE-9F66-1CBCBD634401}.Debug|Win32.ActiveCfg = Debug|Win32
		{3150E7DC-43F4-35EE-9F66-1CBCBD634401}.Debug|Win32.Build.0 = Debug|Win32
		{3150E7DC-43F4-35EE-9F66-1CBCBD634401}.Release|Win32.ActiveCfg = Release|Win32
		{3150E7DC-43F4-35EE-9F66-1CBCBD634401}.Release|Win32.Build.0 = Release|Win32
		{3150E7DC-43F4-35EE-9F66-1CBCBD634401}.MinSizeRel|Win32.ActiveCfg = MinSizeRel|Win32
		{3150E7DC-43F4-35EE-9F66-1CBCBD634401}.MinSizeRel|Win32.Build.0 = MinSizeRel|Win32
		{3150E7DC-43F4-35EE-9F66-1CBCBD634401}.RelWithDebInfo|Win32.ActiveCfg = RelWithDebInfo|Win32
		{3150E7DC-43F4-35EE-9F66-1CBCBD634401}.RelWithDebInfo|Win32.Build.0 = RelWithDebInfo|Win32
		{BFA96ED5-3CB2-34E2-BE59-DDB1DACD3E30}.Debug|Win32.ActiveCfg = Debug|Win32
		{BFA96ED5-3CB2-34E2-BE59-DDB1DACD3E30}.Debug|Win32.Build.0 = Debug|Win32
		{BFA96ED5-3CB2-34E2-BE59-DDB1DACD3E30}.Release|Win32.ActiveCfg = Release|Win32
		{BFA96ED5-3CB2-34E2-BE59-DDB1DACD3E30}.Release|Win32.Build.0 = Release|Win32
		{BFA96ED5-3CB2-34E2-BE59-DDB1DACD3E30}.MinSizeRel|Win32.ActiveCfg = MinSizeRel|Win32
		{BFA96ED5-3CB2-34E2-BE59-DDB1DACD3E30}.MinSizeRel|Win32.Build.0 = MinSizeRel|Win32
		{BFA96ED5-3CB2-34E2-BE59-DDB1DACD3E30}.RelWithDebInfo|Win32.ActiveCfg = RelWithDebInfo|Win32
		{BFA96ED5-3CB2-34E2-BE59-DDB1DACD3E30}.RelWithDebInfo|Win32.Build.0 = RelWithDebInfo|Win32
	EndGlobalSection
	GlobalSection(ExtensibilityGlobals) = postSolution
		SolutionGuid = {23C75AEF-C6AD-34EF-A0CA-7E64C4ACE12C}
	EndGlobalSection
	GlobalSection(ExtensibilityAddIns) = postSolution
	EndGlobalSection
EndGlobal
